<?xml version="1.0" encoding="UTF-8"?>
<!DOCTYPE plist PUBLIC "-//Apple//DTD PLIST 1.0//EN" "http://www.apple.com/DTDs/PropertyList-1.0.dtd">
<plist version="1.0">
<dict>
	<key>archiveVersion</key>
	<string>1</string>
	<key>classes</key>
	<dict/>
	<key>objectVersion</key>
	<string>47</string>
	<key>objects</key>
	<dict>
		<key>002BDE741C9CAA97005E7868</key>
		<dict>
			<key>fileEncoding</key>
			<string>4</string>
			<key>isa</key>
			<string>PBXFileReference</string>
			<key>lastKnownFileType</key>
			<string>sourcecode.c.h</string>
			<key>path</key>
			<string>History.h</string>
			<key>sourceTree</key>
			<string>&lt;group&gt;</string>
		</dict>
		<key>002BDE751C9CAA97005E7868</key>
		<dict>
			<key>fileEncoding</key>
			<string>4</string>
			<key>isa</key>
			<string>PBXFileReference</string>
			<key>lastKnownFileType</key>
			<string>sourcecode.c.objc</string>
			<key>path</key>
			<string>History.m</string>
			<key>sourceTree</key>
			<string>&lt;group&gt;</string>
		</dict>
		<key>002BDE761C9CAA97005E7868</key>
		<dict>
			<key>fileRef</key>
			<string>002BDE751C9CAA97005E7868</string>
			<key>isa</key>
			<string>PBXBuildFile</string>
		</dict>
		<key>002BDE771C9CAAD9005E7868</key>
		<dict>
			<key>isa</key>
			<string>PBXFileReference</string>
			<key>lastKnownFileType</key>
			<string>image.png</string>
			<key>path</key>
			<string>history.png</string>
			<key>sourceTree</key>
			<string>&lt;group&gt;</string>
		</dict>
		<key>002BDE781C9CAAD9005E7868</key>
		<dict>
			<key>fileRef</key>
			<string>002BDE771C9CAAD9005E7868</string>
			<key>isa</key>
			<string>PBXBuildFile</string>
		</dict>
		<key>0051EE271C95B615001AFBB6</key>
		<dict>
			<key>isa</key>
			<string>PBXFileReference</string>
			<key>lastKnownFileType</key>
			<string>image.png</string>
			<key>path</key>
			<string>camera.png</string>
			<key>sourceTree</key>
			<string>&lt;group&gt;</string>
		</dict>
		<key>0051EE281C95B615001AFBB6</key>
		<dict>
			<key>fileRef</key>
			<string>0051EE271C95B615001AFBB6</string>
			<key>isa</key>
			<string>PBXBuildFile</string>
		</dict>
		<key>0051EE291C95BF4D001AFBB6</key>
		<dict>
			<key>fileEncoding</key>
			<string>4</string>
			<key>isa</key>
			<string>PBXFileReference</string>
			<key>lastKnownFileType</key>
			<string>sourcecode.c.h</string>
			<key>path</key>
			<string>ScanItem.h</string>
			<key>sourceTree</key>
			<string>&lt;group&gt;</string>
		</dict>
		<key>0051EE2A1C95BF4D001AFBB6</key>
		<dict>
			<key>fileEncoding</key>
			<string>4</string>
			<key>isa</key>
			<string>PBXFileReference</string>
			<key>lastKnownFileType</key>
			<string>sourcecode.c.objc</string>
			<key>path</key>
			<string>ScanItem.m</string>
			<key>sourceTree</key>
			<string>&lt;group&gt;</string>
		</dict>
		<key>0051EE2B1C95BF4D001AFBB6</key>
		<dict>
			<key>fileRef</key>
			<string>0051EE2A1C95BF4D001AFBB6</string>
			<key>isa</key>
			<string>PBXBuildFile</string>
		</dict>
		<key>0051EE2C1C95BF60001AFBB6</key>
		<dict>
			<key>children</key>
			<array>
				<string>0051EE291C95BF4D001AFBB6</string>
				<string>0051EE2A1C95BF4D001AFBB6</string>
			</array>
			<key>isa</key>
			<string>PBXGroup</string>
			<key>name</key>
			<string>Data</string>
			<key>sourceTree</key>
			<string>&lt;group&gt;</string>
		</dict>
		<key>0051EE2D1C95E432001AFBB6</key>
		<dict>
			<key>isa</key>
			<string>PBXFileReference</string>
			<key>lastKnownFileType</key>
			<string>image.png</string>
			<key>path</key>
			<string>visionary-icon.png</string>
			<key>sourceTree</key>
			<string>&lt;group&gt;</string>
		</dict>
		<key>0051EE2E1C95E432001AFBB6</key>
		<dict>
			<key>fileRef</key>
			<string>0051EE2D1C95E432001AFBB6</string>
			<key>isa</key>
			<string>PBXBuildFile</string>
		</dict>
		<key>0051EE2F1C95EC5D001AFBB6</key>
		<dict>
			<key>isa</key>
			<string>PBXFileReference</string>
			<key>lastKnownFileType</key>
			<string>image.png</string>
			<key>path</key>
			<string>webicon.png</string>
			<key>sourceTree</key>
			<string>&lt;group&gt;</string>
		</dict>
		<key>0051EE301C95EC5D001AFBB6</key>
		<dict>
			<key>isa</key>
			<string>PBXFileReference</string>
			<key>lastKnownFileType</key>
			<string>image.png</string>
			<key>path</key>
			<string>delete.png</string>
			<key>sourceTree</key>
			<string>&lt;group&gt;</string>
		</dict>
		<key>0051EE311C95EC5D001AFBB6</key>
		<dict>
			<key>isa</key>
			<string>PBXFileReference</string>
			<key>lastKnownFileType</key>
			<string>image.png</string>
			<key>path</key>
			<string>list.png</string>
			<key>sourceTree</key>
			<string>&lt;group&gt;</string>
		</dict>
		<key>0051EE321C95EC5D001AFBB6</key>
		<dict>
			<key>fileRef</key>
			<string>0051EE2F1C95EC5D001AFBB6</string>
			<key>isa</key>
			<string>PBXBuildFile</string>
		</dict>
		<key>0051EE331C95EC5D001AFBB6</key>
		<dict>
			<key>fileRef</key>
			<string>0051EE301C95EC5D001AFBB6</string>
			<key>isa</key>
			<string>PBXBuildFile</string>
		</dict>
		<key>0051EE341C95EC5D001AFBB6</key>
		<dict>
			<key>fileRef</key>
			<string>0051EE311C95EC5D001AFBB6</string>
			<key>isa</key>
			<string>PBXBuildFile</string>
		</dict>
		<key>0051EE361C95F4F2001AFBB6</key>
		<dict>
			<key>fileEncoding</key>
			<string>4</string>
			<key>isa</key>
			<string>PBXFileReference</string>
			<key>lastKnownFileType</key>
			<string>sourcecode.c.h</string>
			<key>path</key>
			<string>TextView.h</string>
			<key>sourceTree</key>
			<string>&lt;group&gt;</string>
		</dict>
		<key>0051EE371C95F4F2001AFBB6</key>
		<dict>
			<key>fileEncoding</key>
			<string>4</string>
			<key>isa</key>
			<string>PBXFileReference</string>
			<key>lastKnownFileType</key>
			<string>sourcecode.c.objc</string>
			<key>path</key>
			<string>TextView.m</string>
			<key>sourceTree</key>
			<string>&lt;group&gt;</string>
		</dict>
		<key>0051EE381C95F4F2001AFBB6</key>
		<dict>
			<key>fileRef</key>
			<string>0051EE371C95F4F2001AFBB6</string>
			<key>isa</key>
			<string>PBXBuildFile</string>
		</dict>
		<key>0051EE3C1C95F510001AFBB6</key>
		<dict>
			<key>children</key>
			<array>
				<string>282366211D2D6CD200AF5100</string>
				<string>282366221D2D6CD200AF5100</string>
				<string>00C2E7461C9610B6004F2B22</string>
				<string>00C2E7471C9610B6004F2B22</string>
				<string>28912B6E1D333B9100B06F07</string>
				<string>28912B6F1D333B9100B06F07</string>
				<string>283C01891D35789E00CF4E76</string>
				<string>283C018A1D35789E00CF4E76</string>
			</array>
			<key>isa</key>
			<string>PBXGroup</string>
			<key>name</key>
			<string>Views</string>
			<key>sourceTree</key>
			<string>&lt;group&gt;</string>
		</dict>
		<key>0060833A1CC3FFEE00A344F1</key>
		<dict>
			<key>isa</key>
			<string>PBXFileReference</string>
			<key>lastKnownFileType</key>
			<string>wrapper.framework</string>
			<key>name</key>
			<string>StoreKit.framework</string>
			<key>path</key>
			<string>System/Library/Frameworks/StoreKit.framework</string>
			<key>sourceTree</key>
			<string>SDKROOT</string>
		</dict>
		<key>0060833B1CC3FFEE00A344F1</key>
		<dict>
			<key>fileRef</key>
			<string>0060833A1CC3FFEE00A344F1</string>
			<key>isa</key>
			<string>PBXBuildFile</string>
		</dict>
		<key>007351D61C9361D300660883</key>
		<dict>
			<key>children</key>
			<array>
				<string>28549A951D46D92E00326D9E</string>
				<string>007351E11C9361D300660883</string>
				<string>28D701C61D382E3E0022F6D5</string>
				<string>28D701D41D382E420022F6D5</string>
				<string>007351E01C9361D300660883</string>
				<string>CEC570C82910FEB966EBFC73</string>
				<string>7624A0BDE656D123F390A73C</string>
			</array>
			<key>isa</key>
			<string>PBXGroup</string>
			<key>sourceTree</key>
			<string>&lt;group&gt;</string>
		</dict>
		<key>007351D71C9361D300660883</key>
		<dict>
			<key>attributes</key>
			<dict>
				<key>LastUpgradeCheck</key>
				<string>0730</string>
				<key>ORGANIZATIONNAME</key>
				<string>Yongyang Nie</string>
				<key>TargetAttributes</key>
				<dict>
					<key>007351DE1C9361D300660883</key>
					<dict>
						<key>CreatedOnToolsVersion</key>
						<string>7.3</string>
						<key>DevelopmentTeam</key>
						<string>8NZ8K5GNH8</string>
						<key>SystemCapabilities</key>
						<dict>
							<key>com.apple.InAppPurchase</key>
							<dict>
								<key>enabled</key>
								<string>1</string>
							</dict>
							<key>com.apple.Maps.iOS</key>
							<dict>
								<key>enabled</key>
								<string>0</string>
							</dict>
							<key>com.apple.OMC</key>
							<dict>
								<key>enabled</key>
								<string>0</string>
							</dict>
							<key>com.apple.Push</key>
							<dict>
								<key>enabled</key>
								<string>0</string>
							</dict>
						</dict>
					</dict>
				</dict>
			</dict>
			<key>buildConfigurationList</key>
			<string>007351DA1C9361D300660883</string>
			<key>compatibilityVersion</key>
			<string>Xcode 6.3</string>
			<key>developmentRegion</key>
			<string>English</string>
			<key>hasScannedForEncodings</key>
			<string>0</string>
			<key>isa</key>
			<string>PBXProject</string>
			<key>knownRegions</key>
			<array>
				<string>en</string>
				<string>Base</string>
			</array>
			<key>mainGroup</key>
			<string>007351D61C9361D300660883</string>
			<key>productRefGroup</key>
			<string>007351E01C9361D300660883</string>
			<key>projectDirPath</key>
			<string></string>
			<key>projectReferences</key>
			<array/>
			<key>projectRoot</key>
			<string></string>
			<key>targets</key>
			<array>
				<string>007351DE1C9361D300660883</string>
			</array>
		</dict>
		<key>007351DA1C9361D300660883</key>
		<dict>
			<key>buildConfigurations</key>
			<array>
				<string>0073520A1C9361D300660883</string>
				<string>0073520B1C9361D300660883</string>
			</array>
			<key>defaultConfigurationIsVisible</key>
			<string>0</string>
			<key>defaultConfigurationName</key>
			<string>Release</string>
			<key>isa</key>
			<string>XCConfigurationList</string>
		</dict>
		<key>007351DB1C9361D300660883</key>
		<dict>
			<key>buildActionMask</key>
			<string>2147483647</string>
			<key>files</key>
			<array>
				<string>28306CC81D36D3A100725554</string>
				<string>28306CC61D36D3A100725554</string>
				<string>28306CC41D36D3A100725554</string>
				<string>28306CCD1D36D3A100725554</string>
				<string>28306CCB1D36D3A100725554</string>
				<string>009CC4341C949DF000E5E2CF</string>
				<string>28306CC31D36D3A100725554</string>
				<string>28306CBE1D36D3A100725554</string>
				<string>28306CC71D36D3A100725554</string>
				<string>28306CC11D36D3A100725554</string>
				<string>28306CC91D36D3A100725554</string>
				<string>282366231D2D6CD200AF5100</string>
				<string>28306CC51D36D3A100725554</string>
				<string>28306CBF1D36D3A100725554</string>
				<string>00F8675D1C970E8600868A70</string>
				<string>28306CC01D36D3A100725554</string>
				<string>28306CBC1D36D3A100725554</string>
				<string>002BDE761C9CAA97005E7868</string>
				<string>00F8675C1C970E8600868A70</string>
				<string>0051EE381C95F4F2001AFBB6</string>
				<string>28306CCC1D36D3A100725554</string>
				<string>0094D1EA1C94CABF00A42DCE</string>
				<string>007351EA1C9361D300660883</string>
				<string>007351E71C9361D300660883</string>
				<string>007351E41C9361D300660883</string>
				<string>0051EE2B1C95BF4D001AFBB6</string>
				<string>281266E31D331DB100515292</string>
				<string>28306CBD1D36D3A100725554</string>
				<string>28306CC21D36D3A100725554</string>
				<string>283C018B1D35789E00CF4E76</string>
				<string>28306CCA1D36D3A100725554</string>
				<string>28306CBB1D36D3A100725554</string>
				<string>28306CCE1D36D3A100725554</string>
				<string>28912B701D333B9100B06F07</string>
				<string>00C2E7481C9610B6004F2B22</string>
			</array>
			<key>isa</key>
			<string>PBXSourcesBuildPhase</string>
			<key>runOnlyForDeploymentPostprocessing</key>
			<string>0</string>
		</dict>
		<key>007351DC1C9361D300660883</key>
		<dict>
			<key>buildActionMask</key>
			<string>2147483647</string>
			<key>files</key>
			<array>
				<string>0060833B1CC3FFEE00A344F1</string>
				<string>00F867461C970D7100868A70</string>
				<string>7C37BD8936C0C8656EBE1C73</string>
			</array>
			<key>isa</key>
			<string>PBXFrameworksBuildPhase</string>
			<key>runOnlyForDeploymentPostprocessing</key>
			<string>0</string>
		</dict>
		<key>007351DD1C9361D300660883</key>
		<dict>
			<key>buildActionMask</key>
			<string>2147483647</string>
			<key>files</key>
			<array>
				<string>00C2E74A1C9612B9004F2B22</string>
				<string>28447F8A1D35BB7A00FBA11D</string>
				<string>28B3DDD11D31E889007CDC90</string>
				<string>00C2E74D1C9621FC004F2B22</string>
				<string>00FD66B41C95FB70007B1332</string>
				<string>28447F881D35BB7A00FBA11D</string>
				<string>28447F891D35BB7A00FBA11D</string>
				<string>28B3DDCF1D31E76C007CDC90</string>
				<string>00B163291C94F873008574FB</string>
				<string>00DB1DB81C9650040046F483</string>
				<string>28447F821D35BB7A00FBA11D</string>
				<string>0051EE331C95EC5D001AFBB6</string>
				<string>00F867411C970B0E00868A70</string>
				<string>28447F831D35BB7A00FBA11D</string>
				<string>28447F851D35BB7A00FBA11D</string>
				<string>28447F811D35BB7A00FBA11D</string>
				<string>28C3E41A1D2C48B5008D9A98</string>
				<string>28B3DDCD1D31E40A007CDC90</string>
				<string>28447F8B1D35BB7A00FBA11D</string>
				<string>0051EE281C95B615001AFBB6</string>
				<string>00FD66B61C95FCDC007B1332</string>
				<string>28447F861D35BB7A00FBA11D</string>
				<string>28B3DDCC1D31E40A007CDC90</string>
				<string>28447F921D35BB7A00FBA11D</string>
				<string>00FD66B21C95FAA9007B1332</string>
				<string>28447F841D35BB7A00FBA11D</string>
				<string>28447F871D35BB7A00FBA11D</string>
				<string>28447F8F1D35BB7A00FBA11D</string>
				<string>28447F8E1D35BB7A00FBA11D</string>
				<string>007351F21C9361D300660883</string>
				<string>0051EE341C95EC5D001AFBB6</string>
				<string>28912B721D333BA300B06F07</string>
				<string>28447F801D35BB7A00FBA11D</string>
				<string>00FD66B11C95FAA9007B1332</string>
				<string>002BDE781C9CAAD9005E7868</string>
				<string>00B1632A1C94F873008574FB</string>
				<string>28447F951D35BB7A00FBA11D</string>
				<string>00C2E74E1C9621FC004F2B22</string>
				<string>28447F901D35BB7A00FBA11D</string>
				<string>007351EF1C9361D300660883</string>
				<string>00DB1DB61C9645500046F483</string>
				<string>28447F8D1D35BB7A00FBA11D</string>
				<string>28447F961D35BB7A00FBA11D</string>
				<string>28447F8C1D35BB7A00FBA11D</string>
				<string>0051EE321C95EC5D001AFBB6</string>
				<string>28447F911D35BB7A00FBA11D</string>
				<string>007351ED1C9361D300660883</string>
				<string>0051EE2E1C95E432001AFBB6</string>
				<string>28447F931D35BB7A00FBA11D</string>
				<string>28447F941D35BB7A00FBA11D</string>
				<string>28447F7F1D35BB7A00FBA11D</string>
			</array>
			<key>isa</key>
			<string>PBXResourcesBuildPhase</string>
			<key>runOnlyForDeploymentPostprocessing</key>
			<string>0</string>
		</dict>
		<key>007351DE1C9361D300660883</key>
		<dict>
			<key>buildConfigurationList</key>
			<string>0073520C1C9361D300660883</string>
			<key>buildPhases</key>
			<array>
				<string>EE7E297388F51926C84E5C41</string>
				<string>B0D200E9AE786B772C035FFF</string>
				<string>007351DB1C9361D300660883</string>
				<string>007351DC1C9361D300660883</string>
				<string>007351DD1C9361D300660883</string>
				<string>D5032B9E8C434F008FBBAD66</string>
				<string>CB59CEE02024F238B16A7F82</string>
				<string>A11E57A59AB0ADC588BA0B90</string>
				<string>7F7CA612413D38E491AA982D</string>
				<string>288C20F11D32A58600B3A347</string>
			</array>
			<key>buildRules</key>
			<array/>
			<key>dependencies</key>
			<array/>
			<key>isa</key>
			<string>PBXNativeTarget</string>
			<key>name</key>
			<string>Visionary</string>
			<key>productName</key>
			<string>ScanIt</string>
			<key>productReference</key>
			<string>007351DF1C9361D300660883</string>
			<key>productType</key>
			<string>com.apple.product-type.application</string>
		</dict>
		<key>007351DF1C9361D300660883</key>
		<dict>
			<key>explicitFileType</key>
			<string>wrapper.application</string>
			<key>includeInIndex</key>
			<string>0</string>
			<key>isa</key>
			<string>PBXFileReference</string>
			<key>path</key>
			<string>Visionary.app</string>
			<key>sourceTree</key>
			<string>BUILT_PRODUCTS_DIR</string>
		</dict>
		<key>007351E01C9361D300660883</key>
		<dict>
			<key>children</key>
			<array>
				<string>007351DF1C9361D300660883</string>
			</array>
			<key>isa</key>
			<string>PBXGroup</string>
			<key>name</key>
			<string>Products</string>
			<key>sourceTree</key>
			<string>&lt;group&gt;</string>
		</dict>
		<key>007351E11C9361D300660883</key>
		<dict>
			<key>children</key>
			<array>
				<string>28AFA9001D2C3E42009F0057</string>
				<string>0051EE2C1C95BF60001AFBB6</string>
				<string>0094D1EB1C94CAC200A42DCE</string>
				<string>0094D1E71C94CAA900A42DCE</string>
				<string>00B1631F1C94F873008574FB</string>
			</array>
			<key>isa</key>
			<string>PBXGroup</string>
			<key>path</key>
			<string>ScanIt</string>
			<key>sourceTree</key>
			<string>&lt;group&gt;</string>
		</dict>
		<key>007351E31C9361D300660883</key>
		<dict>
			<key>isa</key>
			<string>PBXFileReference</string>
			<key>lastKnownFileType</key>
			<string>sourcecode.c.objc</string>
			<key>path</key>
			<string>main.m</string>
			<key>sourceTree</key>
			<string>&lt;group&gt;</string>
		</dict>
		<key>007351E41C9361D300660883</key>
		<dict>
			<key>fileRef</key>
			<string>007351E31C9361D300660883</string>
			<key>isa</key>
			<string>PBXBuildFile</string>
		</dict>
		<key>007351E51C9361D300660883</key>
		<dict>
			<key>isa</key>
			<string>PBXFileReference</string>
			<key>lastKnownFileType</key>
			<string>sourcecode.c.h</string>
			<key>path</key>
			<string>AppDelegate.h</string>
			<key>sourceTree</key>
			<string>&lt;group&gt;</string>
		</dict>
		<key>007351E61C9361D300660883</key>
		<dict>
			<key>isa</key>
			<string>PBXFileReference</string>
			<key>lastKnownFileType</key>
			<string>sourcecode.c.objc</string>
			<key>path</key>
			<string>AppDelegate.m</string>
			<key>sourceTree</key>
			<string>&lt;group&gt;</string>
		</dict>
		<key>007351E71C9361D300660883</key>
		<dict>
			<key>fileRef</key>
			<string>007351E61C9361D300660883</string>
			<key>isa</key>
			<string>PBXBuildFile</string>
		</dict>
		<key>007351E81C9361D300660883</key>
		<dict>
			<key>isa</key>
			<string>PBXFileReference</string>
			<key>lastKnownFileType</key>
			<string>sourcecode.c.h</string>
			<key>path</key>
			<string>ViewController.h</string>
			<key>sourceTree</key>
			<string>&lt;group&gt;</string>
		</dict>
		<key>007351E91C9361D300660883</key>
		<dict>
			<key>isa</key>
			<string>PBXFileReference</string>
			<key>lastKnownFileType</key>
			<string>sourcecode.c.objc</string>
			<key>path</key>
			<string>ViewController.m</string>
			<key>sourceTree</key>
			<string>&lt;group&gt;</string>
		</dict>
		<key>007351EA1C9361D300660883</key>
		<dict>
			<key>fileRef</key>
			<string>007351E91C9361D300660883</string>
			<key>isa</key>
			<string>PBXBuildFile</string>
		</dict>
		<key>007351EB1C9361D300660883</key>
		<dict>
			<key>children</key>
			<array>
				<string>007351EC1C9361D300660883</string>
			</array>
			<key>isa</key>
			<string>PBXVariantGroup</string>
			<key>name</key>
			<string>Main.storyboard</string>
			<key>sourceTree</key>
			<string>&lt;group&gt;</string>
		</dict>
		<key>007351EC1C9361D300660883</key>
		<dict>
			<key>isa</key>
			<string>PBXFileReference</string>
			<key>lastKnownFileType</key>
			<string>file.storyboard</string>
			<key>name</key>
			<string>Base</string>
			<key>path</key>
			<string>Base.lproj/Main.storyboard</string>
			<key>sourceTree</key>
			<string>&lt;group&gt;</string>
		</dict>
		<key>007351ED1C9361D300660883</key>
		<dict>
			<key>fileRef</key>
			<string>007351EB1C9361D300660883</string>
			<key>isa</key>
			<string>PBXBuildFile</string>
		</dict>
		<key>007351EE1C9361D300660883</key>
		<dict>
			<key>isa</key>
			<string>PBXFileReference</string>
			<key>lastKnownFileType</key>
			<string>folder.assetcatalog</string>
			<key>name</key>
			<string>Assets.xcassets</string>
			<key>path</key>
			<string>../Assets.xcassets</string>
			<key>sourceTree</key>
			<string>&lt;group&gt;</string>
		</dict>
		<key>007351EF1C9361D300660883</key>
		<dict>
			<key>fileRef</key>
			<string>007351EE1C9361D300660883</string>
			<key>isa</key>
			<string>PBXBuildFile</string>
		</dict>
		<key>007351F01C9361D300660883</key>
		<dict>
			<key>children</key>
			<array>
				<string>007351F11C9361D300660883</string>
			</array>
			<key>isa</key>
			<string>PBXVariantGroup</string>
			<key>name</key>
			<string>LaunchScreen.storyboard</string>
			<key>sourceTree</key>
			<string>&lt;group&gt;</string>
		</dict>
		<key>007351F11C9361D300660883</key>
		<dict>
			<key>isa</key>
			<string>PBXFileReference</string>
			<key>lastKnownFileType</key>
			<string>file.storyboard</string>
			<key>name</key>
			<string>Base</string>
			<key>path</key>
			<string>Base.lproj/LaunchScreen.storyboard</string>
			<key>sourceTree</key>
			<string>&lt;group&gt;</string>
		</dict>
		<key>007351F21C9361D300660883</key>
		<dict>
			<key>fileRef</key>
			<string>007351F01C9361D300660883</string>
			<key>isa</key>
			<string>PBXBuildFile</string>
		</dict>
		<key>007351F31C9361D300660883</key>
		<dict>
			<key>isa</key>
			<string>PBXFileReference</string>
			<key>lastKnownFileType</key>
			<string>text.plist.xml</string>
			<key>path</key>
			<string>Info.plist</string>
			<key>sourceTree</key>
			<string>&lt;group&gt;</string>
		</dict>
		<key>0073520A1C9361D300660883</key>
		<dict>
			<key>buildSettings</key>
			<dict>
				<key>ALWAYS_SEARCH_USER_PATHS</key>
				<string>NO</string>
				<key>CLANG_ANALYZER_NONNULL</key>
				<string>YES</string>
				<key>CLANG_CXX_LANGUAGE_STANDARD</key>
				<string>gnu++0x</string>
				<key>CLANG_CXX_LIBRARY</key>
				<string>libc++</string>
				<key>CLANG_ENABLE_MODULES</key>
				<string>YES</string>
				<key>CLANG_ENABLE_OBJC_ARC</key>
				<string>YES</string>
				<key>CLANG_WARN_BOOL_CONVERSION</key>
				<string>YES</string>
				<key>CLANG_WARN_CONSTANT_CONVERSION</key>
				<string>YES</string>
				<key>CLANG_WARN_DIRECT_OBJC_ISA_USAGE</key>
				<string>YES_ERROR</string>
				<key>CLANG_WARN_EMPTY_BODY</key>
				<string>YES</string>
				<key>CLANG_WARN_ENUM_CONVERSION</key>
				<string>YES</string>
				<key>CLANG_WARN_INT_CONVERSION</key>
				<string>YES</string>
				<key>CLANG_WARN_OBJC_ROOT_CLASS</key>
				<string>YES_ERROR</string>
				<key>CLANG_WARN_UNREACHABLE_CODE</key>
				<string>YES</string>
				<key>CLANG_WARN__DUPLICATE_METHOD_MATCH</key>
				<string>YES</string>
				<key>CODE_SIGN_IDENTITY[sdk=iphoneos*]</key>
				<string>iPhone Developer</string>
				<key>COPY_PHASE_STRIP</key>
				<string>NO</string>
				<key>DEBUG_INFORMATION_FORMAT</key>
				<string>dwarf</string>
				<key>ENABLE_STRICT_OBJC_MSGSEND</key>
				<string>YES</string>
				<key>ENABLE_TESTABILITY</key>
				<string>YES</string>
				<key>GCC_C_LANGUAGE_STANDARD</key>
				<string>gnu99</string>
				<key>GCC_DYNAMIC_NO_PIC</key>
				<string>NO</string>
				<key>GCC_NO_COMMON_BLOCKS</key>
				<string>YES</string>
				<key>GCC_OPTIMIZATION_LEVEL</key>
				<string>0</string>
				<key>GCC_PREPROCESSOR_DEFINITIONS</key>
				<array>
					<string>DEBUG=1</string>
					<string>$(inherited)</string>
				</array>
				<key>GCC_WARN_64_TO_32_BIT_CONVERSION</key>
				<string>YES</string>
				<key>GCC_WARN_ABOUT_RETURN_TYPE</key>
				<string>YES_ERROR</string>
				<key>GCC_WARN_UNDECLARED_SELECTOR</key>
				<string>YES</string>
				<key>GCC_WARN_UNINITIALIZED_AUTOS</key>
				<string>YES_AGGRESSIVE</string>
				<key>GCC_WARN_UNUSED_FUNCTION</key>
				<string>YES</string>
				<key>GCC_WARN_UNUSED_VARIABLE</key>
				<string>YES</string>
				<key>IPHONEOS_DEPLOYMENT_TARGET</key>
				<string>9.1</string>
				<key>MTL_ENABLE_DEBUG_INFO</key>
				<string>YES</string>
				<key>ONLY_ACTIVE_ARCH</key>
				<string>YES</string>
				<key>SDKROOT</key>
				<string>iphoneos</string>
				<key>TARGETED_DEVICE_FAMILY</key>
				<string>1,2</string>
			</dict>
			<key>isa</key>
			<string>XCBuildConfiguration</string>
			<key>name</key>
			<string>Debug</string>
		</dict>
		<key>0073520B1C9361D300660883</key>
		<dict>
			<key>buildSettings</key>
			<dict>
				<key>ALWAYS_SEARCH_USER_PATHS</key>
				<string>NO</string>
				<key>CLANG_ANALYZER_NONNULL</key>
				<string>YES</string>
				<key>CLANG_CXX_LANGUAGE_STANDARD</key>
				<string>gnu++0x</string>
				<key>CLANG_CXX_LIBRARY</key>
				<string>libc++</string>
				<key>CLANG_ENABLE_MODULES</key>
				<string>YES</string>
				<key>CLANG_ENABLE_OBJC_ARC</key>
				<string>YES</string>
				<key>CLANG_WARN_BOOL_CONVERSION</key>
				<string>YES</string>
				<key>CLANG_WARN_CONSTANT_CONVERSION</key>
				<string>YES</string>
				<key>CLANG_WARN_DIRECT_OBJC_ISA_USAGE</key>
				<string>YES_ERROR</string>
				<key>CLANG_WARN_EMPTY_BODY</key>
				<string>YES</string>
				<key>CLANG_WARN_ENUM_CONVERSION</key>
				<string>YES</string>
				<key>CLANG_WARN_INT_CONVERSION</key>
				<string>YES</string>
				<key>CLANG_WARN_OBJC_ROOT_CLASS</key>
				<string>YES_ERROR</string>
				<key>CLANG_WARN_UNREACHABLE_CODE</key>
				<string>YES</string>
				<key>CLANG_WARN__DUPLICATE_METHOD_MATCH</key>
				<string>YES</string>
				<key>CODE_SIGN_IDENTITY[sdk=iphoneos*]</key>
				<string>iPhone Developer</string>
				<key>COPY_PHASE_STRIP</key>
				<string>NO</string>
				<key>DEBUG_INFORMATION_FORMAT</key>
				<string>dwarf-with-dsym</string>
				<key>ENABLE_NS_ASSERTIONS</key>
				<string>NO</string>
				<key>ENABLE_STRICT_OBJC_MSGSEND</key>
				<string>YES</string>
				<key>GCC_C_LANGUAGE_STANDARD</key>
				<string>gnu99</string>
				<key>GCC_NO_COMMON_BLOCKS</key>
				<string>YES</string>
				<key>GCC_WARN_64_TO_32_BIT_CONVERSION</key>
				<string>YES</string>
				<key>GCC_WARN_ABOUT_RETURN_TYPE</key>
				<string>YES_ERROR</string>
				<key>GCC_WARN_UNDECLARED_SELECTOR</key>
				<string>YES</string>
				<key>GCC_WARN_UNINITIALIZED_AUTOS</key>
				<string>YES_AGGRESSIVE</string>
				<key>GCC_WARN_UNUSED_FUNCTION</key>
				<string>YES</string>
				<key>GCC_WARN_UNUSED_VARIABLE</key>
				<string>YES</string>
				<key>IPHONEOS_DEPLOYMENT_TARGET</key>
				<string>9.1</string>
				<key>MTL_ENABLE_DEBUG_INFO</key>
				<string>NO</string>
				<key>SDKROOT</key>
				<string>iphoneos</string>
				<key>TARGETED_DEVICE_FAMILY</key>
				<string>1,2</string>
				<key>VALIDATE_PRODUCT</key>
				<string>YES</string>
			</dict>
			<key>isa</key>
			<string>XCBuildConfiguration</string>
			<key>name</key>
			<string>Release</string>
		</dict>
		<key>0073520C1C9361D300660883</key>
		<dict>
			<key>buildConfigurations</key>
			<array>
				<string>0073520D1C9361D300660883</string>
				<string>0073520E1C9361D300660883</string>
			</array>
			<key>defaultConfigurationIsVisible</key>
			<string>0</string>
			<key>defaultConfigurationName</key>
			<string>Release</string>
			<key>isa</key>
			<string>XCConfigurationList</string>
		</dict>
		<key>0073520D1C9361D300660883</key>
		<dict>
			<key>baseConfigurationReference</key>
			<string>C936ADB6C2A7159B73587C3E</string>
			<key>buildSettings</key>
			<dict>
				<key>ASSETCATALOG_COMPILER_APPICON_NAME</key>
				<string>AppIcon</string>
				<key>CODE_SIGN_ENTITLEMENTS</key>
				<string>Visionary.entitlements</string>
				<key>CODE_SIGN_IDENTITY</key>
				<string>iPhone Developer</string>
				<key>ENABLE_BITCODE</key>
				<string>YES</string>
				<key>FRAMEWORK_SEARCH_PATHS</key>
				<array>
					<string>$(inherited)</string>
					<string>$(PROJECT_DIR)</string>
				</array>
				<key>GCC_NO_COMMON_BLOCKS</key>
				<string>NO</string>
				<key>INFOPLIST_FILE</key>
				<string>ScanIt/Info.plist</string>
				<key>IPHONEOS_DEPLOYMENT_TARGET</key>
				<string>9.1</string>
				<key>LD_RUNPATH_SEARCH_PATHS</key>
				<string>$(inherited) @executable_path/Frameworks</string>
				<key>PRODUCT_BUNDLE_IDENTIFIER</key>
				<string>com.yongyang.vision</string>
				<key>PRODUCT_NAME</key>
				<string>Visionary</string>
			</dict>
			<key>isa</key>
			<string>XCBuildConfiguration</string>
			<key>name</key>
			<string>Debug</string>
		</dict>
		<key>0073520E1C9361D300660883</key>
		<dict>
			<key>baseConfigurationReference</key>
			<string>E169526708A492BC794595FE</string>
			<key>buildSettings</key>
			<dict>
				<key>ASSETCATALOG_COMPILER_APPICON_NAME</key>
				<string>AppIcon</string>
				<key>CODE_SIGN_ENTITLEMENTS</key>
				<string>Visionary.entitlements</string>
				<key>CODE_SIGN_IDENTITY</key>
				<string>iPhone Developer</string>
				<key>ENABLE_BITCODE</key>
				<string>YES</string>
				<key>FRAMEWORK_SEARCH_PATHS</key>
				<array>
					<string>$(inherited)</string>
					<string>$(PROJECT_DIR)</string>
				</array>
				<key>GCC_NO_COMMON_BLOCKS</key>
				<string>NO</string>
				<key>INFOPLIST_FILE</key>
				<string>ScanIt/Info.plist</string>
				<key>IPHONEOS_DEPLOYMENT_TARGET</key>
				<string>9.1</string>
				<key>LD_RUNPATH_SEARCH_PATHS</key>
				<string>$(inherited) @executable_path/Frameworks</string>
				<key>PRODUCT_BUNDLE_IDENTIFIER</key>
				<string>com.yongyang.vision</string>
				<key>PRODUCT_NAME</key>
				<string>Visionary</string>
			</dict>
			<key>isa</key>
			<string>XCBuildConfiguration</string>
			<key>name</key>
			<string>Release</string>
		</dict>
		<key>0094D1E71C94CAA900A42DCE</key>
		<dict>
			<key>children</key>
			<array>
				<string>0051EE3C1C95F510001AFBB6</string>
				<string>00F867531C970E8600868A70</string>
				<string>282366241D2D6CD700AF5100</string>
			</array>
			<key>isa</key>
			<string>PBXGroup</string>
			<key>name</key>
			<string>Classes</string>
			<key>sourceTree</key>
			<string>&lt;group&gt;</string>
		</dict>
		<key>0094D1E81C94CABF00A42DCE</key>
		<dict>
			<key>fileEncoding</key>
			<string>4</string>
			<key>isa</key>
			<string>PBXFileReference</string>
			<key>lastKnownFileType</key>
			<string>sourcecode.c.h</string>
			<key>path</key>
			<string>PCAngularActivityIndicatorView.h</string>
			<key>sourceTree</key>
			<string>&lt;group&gt;</string>
		</dict>
		<key>0094D1E91C94CABF00A42DCE</key>
		<dict>
			<key>fileEncoding</key>
			<string>4</string>
			<key>isa</key>
			<string>PBXFileReference</string>
			<key>lastKnownFileType</key>
			<string>sourcecode.c.objc</string>
			<key>path</key>
			<string>PCAngularActivityIndicatorView.m</string>
			<key>sourceTree</key>
			<string>&lt;group&gt;</string>
		</dict>
		<key>0094D1EA1C94CABF00A42DCE</key>
		<dict>
			<key>fileRef</key>
			<string>0094D1E91C94CABF00A42DCE</string>
			<key>isa</key>
			<string>PBXBuildFile</string>
		</dict>
		<key>0094D1EB1C94CAC200A42DCE</key>
		<dict>
			<key>children</key>
			<array>
				<string>283C014C1D35739F00CF4E76</string>
				<string>007351E51C9361D300660883</string>
				<string>28C3E4191D2C48B5008D9A98</string>
				<string>007351E61C9361D300660883</string>
				<string>007351F31C9361D300660883</string>
				<string>007351E31C9361D300660883</string>
				<string>0094D1E81C94CABF00A42DCE</string>
				<string>0094D1E91C94CABF00A42DCE</string>
			</array>
			<key>isa</key>
			<string>PBXGroup</string>
			<key>name</key>
			<string>Resource</string>
			<key>sourceTree</key>
			<string>&lt;group&gt;</string>
		</dict>
		<key>009CC4321C949DF000E5E2CF</key>
		<dict>
			<key>fileEncoding</key>
			<string>4</string>
			<key>isa</key>
			<string>PBXFileReference</string>
			<key>lastKnownFileType</key>
			<string>sourcecode.c.h</string>
			<key>path</key>
			<string>PreferenceStore.h</string>
			<key>sourceTree</key>
			<string>&lt;group&gt;</string>
		</dict>
		<key>009CC4331C949DF000E5E2CF</key>
		<dict>
			<key>fileEncoding</key>
			<string>4</string>
			<key>isa</key>
			<string>PBXFileReference</string>
			<key>lastKnownFileType</key>
			<string>sourcecode.c.objc</string>
			<key>path</key>
			<string>PreferenceStore.m</string>
			<key>sourceTree</key>
			<string>&lt;group&gt;</string>
		</dict>
		<key>009CC4341C949DF000E5E2CF</key>
		<dict>
			<key>fileRef</key>
			<string>009CC4331C949DF000E5E2CF</string>
			<key>isa</key>
			<string>PBXBuildFile</string>
		</dict>
		<key>00B1631F1C94F873008574FB</key>
		<dict>
			<key>children</key>
			<array>
				<string>28447F661D35BB6800FBA11D</string>
				<string>007351EE1C9361D300660883</string>
				<string>00DB1DB51C9645500046F483</string>
				<string>28B3DDD01D31E889007CDC90</string>
				<string>28B3DDCE1D31E76C007CDC90</string>
				<string>28B3DDCA1D31E40A007CDC90</string>
				<string>28B3DDCB1D31E40A007CDC90</string>
				<string>002BDE771C9CAAD9005E7868</string>
				<string>00F867401C970B0E00868A70</string>
				<string>00DB1DB71C9650040046F483</string>
				<string>00C2E74B1C9621FC004F2B22</string>
				<string>00C2E74C1C9621FC004F2B22</string>
				<string>00C2E7491C9612B9004F2B22</string>
				<string>00FD66B51C95FCDC007B1332</string>
				<string>00FD66B31C95FB70007B1332</string>
				<string>00FD66AF1C95FAA9007B1332</string>
				<string>00FD66B01C95FAA9007B1332</string>
				<string>0051EE2F1C95EC5D001AFBB6</string>
				<string>0051EE301C95EC5D001AFBB6</string>
				<string>0051EE311C95EC5D001AFBB6</string>
				<string>0051EE2D1C95E432001AFBB6</string>
				<string>0051EE271C95B615001AFBB6</string>
				<string>00B163231C94F873008574FB</string>
				<string>00B163241C94F873008574FB</string>
			</array>
			<key>isa</key>
			<string>PBXGroup</string>
			<key>name</key>
			<string>Media</string>
			<key>path</key>
			<string>Images</string>
			<key>sourceTree</key>
			<string>&lt;group&gt;</string>
		</dict>
		<key>00B163231C94F873008574FB</key>
		<dict>
			<key>isa</key>
			<string>PBXFileReference</string>
			<key>lastKnownFileType</key>
			<string>image.png</string>
			<key>path</key>
			<string>QR_icon.png</string>
			<key>sourceTree</key>
			<string>&lt;group&gt;</string>
		</dict>
		<key>00B163241C94F873008574FB</key>
		<dict>
			<key>isa</key>
			<string>PBXFileReference</string>
			<key>lastKnownFileType</key>
			<string>image.png</string>
			<key>path</key>
			<string>search-256x256.png</string>
			<key>sourceTree</key>
			<string>&lt;group&gt;</string>
		</dict>
		<key>00B163291C94F873008574FB</key>
		<dict>
			<key>fileRef</key>
			<string>00B163231C94F873008574FB</string>
			<key>isa</key>
			<string>PBXBuildFile</string>
		</dict>
		<key>00B1632A1C94F873008574FB</key>
		<dict>
			<key>fileRef</key>
			<string>00B163241C94F873008574FB</string>
			<key>isa</key>
			<string>PBXBuildFile</string>
		</dict>
		<key>00B1632E1C94FACB008574FB</key>
		<dict>
			<key>fileEncoding</key>
			<string>4</string>
			<key>isa</key>
			<string>PBXFileReference</string>
			<key>lastKnownFileType</key>
			<string>sourcecode.c.h</string>
			<key>path</key>
			<string>DetailView.h</string>
			<key>sourceTree</key>
			<string>&lt;group&gt;</string>
		</dict>
		<key>00C2E7461C9610B6004F2B22</key>
		<dict>
			<key>fileEncoding</key>
			<string>4</string>
			<key>isa</key>
			<string>PBXFileReference</string>
			<key>lastKnownFileType</key>
			<string>sourcecode.c.h</string>
			<key>path</key>
			<string>WebPage.h</string>
			<key>sourceTree</key>
			<string>&lt;group&gt;</string>
		</dict>
		<key>00C2E7471C9610B6004F2B22</key>
		<dict>
			<key>fileEncoding</key>
			<string>4</string>
			<key>isa</key>
			<string>PBXFileReference</string>
			<key>lastKnownFileType</key>
			<string>sourcecode.c.objc</string>
			<key>path</key>
			<string>WebPage.m</string>
			<key>sourceTree</key>
			<string>&lt;group&gt;</string>
		</dict>
		<key>00C2E7481C9610B6004F2B22</key>
		<dict>
			<key>fileRef</key>
			<string>00C2E7471C9610B6004F2B22</string>
			<key>isa</key>
			<string>PBXBuildFile</string>
		</dict>
		<key>00C2E7491C9612B9004F2B22</key>
		<dict>
			<key>isa</key>
			<string>PBXFileReference</string>
			<key>lastKnownFileType</key>
			<string>image.png</string>
			<key>path</key>
			<string>Files.png</string>
			<key>sourceTree</key>
			<string>&lt;group&gt;</string>
		</dict>
		<key>00C2E74A1C9612B9004F2B22</key>
		<dict>
			<key>fileRef</key>
			<string>00C2E7491C9612B9004F2B22</string>
			<key>isa</key>
			<string>PBXBuildFile</string>
		</dict>
		<key>00C2E74B1C9621FC004F2B22</key>
		<dict>
			<key>isa</key>
			<string>PBXFileReference</string>
			<key>lastKnownFileType</key>
			<string>image.png</string>
			<key>path</key>
			<string>saved.png</string>
			<key>sourceTree</key>
			<string>&lt;group&gt;</string>
		</dict>
		<key>00C2E74C1C9621FC004F2B22</key>
		<dict>
			<key>isa</key>
			<string>PBXFileReference</string>
			<key>lastKnownFileType</key>
			<string>image.png</string>
			<key>path</key>
			<string>share.png</string>
			<key>sourceTree</key>
			<string>&lt;group&gt;</string>
		</dict>
		<key>00C2E74D1C9621FC004F2B22</key>
		<dict>
			<key>fileRef</key>
			<string>00C2E74B1C9621FC004F2B22</string>
			<key>isa</key>
			<string>PBXBuildFile</string>
		</dict>
		<key>00C2E74E1C9621FC004F2B22</key>
		<dict>
			<key>fileRef</key>
			<string>00C2E74C1C9621FC004F2B22</string>
			<key>isa</key>
			<string>PBXBuildFile</string>
		</dict>
		<key>00DB1DB51C9645500046F483</key>
		<dict>
			<key>isa</key>
			<string>PBXFileReference</string>
			<key>lastKnownFileType</key>
			<string>folder.assetcatalog</string>
			<key>name</key>
			<string>Media.xcassets</string>
			<key>path</key>
			<string>../../Media.xcassets</string>
			<key>sourceTree</key>
			<string>&lt;group&gt;</string>
		</dict>
		<key>00DB1DB61C9645500046F483</key>
		<dict>
			<key>fileRef</key>
			<string>00DB1DB51C9645500046F483</string>
			<key>isa</key>
			<string>PBXBuildFile</string>
		</dict>
		<key>00DB1DB71C9650040046F483</key>
		<dict>
			<key>isa</key>
			<string>PBXFileReference</string>
			<key>lastKnownFileType</key>
			<string>image.png</string>
			<key>path</key>
			<string>pin.png</string>
			<key>sourceTree</key>
			<string>&lt;group&gt;</string>
		</dict>
		<key>00DB1DB81C9650040046F483</key>
		<dict>
			<key>fileRef</key>
			<string>00DB1DB71C9650040046F483</string>
			<key>isa</key>
			<string>PBXBuildFile</string>
		</dict>
		<key>00F867401C970B0E00868A70</key>
		<dict>
			<key>isa</key>
			<string>PBXFileReference</string>
			<key>lastKnownFileType</key>
			<string>image.png</string>
			<key>path</key>
			<string>create_new.png</string>
			<key>sourceTree</key>
			<string>&lt;group&gt;</string>
		</dict>
		<key>00F867411C970B0E00868A70</key>
		<dict>
			<key>fileRef</key>
			<string>00F867401C970B0E00868A70</string>
			<key>isa</key>
			<string>PBXBuildFile</string>
		</dict>
		<key>00F867451C970D7100868A70</key>
		<dict>
			<key>isa</key>
			<string>PBXFileReference</string>
			<key>lastKnownFileType</key>
			<string>wrapper.framework</string>
			<key>name</key>
			<string>CoreImage.framework</string>
			<key>path</key>
			<string>System/Library/Frameworks/CoreImage.framework</string>
			<key>sourceTree</key>
			<string>SDKROOT</string>
		</dict>
		<key>00F867461C970D7100868A70</key>
		<dict>
			<key>fileRef</key>
			<string>00F867451C970D7100868A70</string>
			<key>isa</key>
			<string>PBXBuildFile</string>
		</dict>
		<key>00F867531C970E8600868A70</key>
		<dict>
			<key>children</key>
			<array>
				<string>00F867541C970E8600868A70</string>
				<string>00F867551C970E8600868A70</string>
				<string>00F867561C970E8600868A70</string>
				<string>00F867571C970E8600868A70</string>
			</array>
			<key>isa</key>
			<string>PBXGroup</string>
			<key>path</key>
			<string>QR Code</string>
			<key>sourceTree</key>
			<string>&lt;group&gt;</string>
		</dict>
		<key>00F867541C970E8600868A70</key>
		<dict>
			<key>fileEncoding</key>
			<string>4</string>
			<key>isa</key>
			<string>PBXFileReference</string>
			<key>lastKnownFileType</key>
			<string>sourcecode.c.h</string>
			<key>path</key>
			<string>GenerateQR.h</string>
			<key>sourceTree</key>
			<string>&lt;group&gt;</string>
		</dict>
		<key>00F867551C970E8600868A70</key>
		<dict>
			<key>fileEncoding</key>
			<string>4</string>
			<key>isa</key>
			<string>PBXFileReference</string>
			<key>lastKnownFileType</key>
			<string>sourcecode.c.objc</string>
			<key>path</key>
			<string>GenerateQR.m</string>
			<key>sourceTree</key>
			<string>&lt;group&gt;</string>
		</dict>
		<key>00F867561C970E8600868A70</key>
		<dict>
			<key>fileEncoding</key>
			<string>4</string>
			<key>isa</key>
			<string>PBXFileReference</string>
			<key>lastKnownFileType</key>
			<string>sourcecode.c.h</string>
			<key>path</key>
			<string>QRScanner.h</string>
			<key>sourceTree</key>
			<string>&lt;group&gt;</string>
		</dict>
		<key>00F867571C970E8600868A70</key>
		<dict>
			<key>fileEncoding</key>
			<string>4</string>
			<key>isa</key>
			<string>PBXFileReference</string>
			<key>lastKnownFileType</key>
			<string>sourcecode.c.objc</string>
			<key>path</key>
			<string>QRScanner.m</string>
			<key>sourceTree</key>
			<string>&lt;group&gt;</string>
		</dict>
		<key>00F8675C1C970E8600868A70</key>
		<dict>
			<key>fileRef</key>
			<string>00F867551C970E8600868A70</string>
			<key>isa</key>
			<string>PBXBuildFile</string>
		</dict>
		<key>00F8675D1C970E8600868A70</key>
		<dict>
			<key>fileRef</key>
			<string>00F867571C970E8600868A70</string>
			<key>isa</key>
			<string>PBXBuildFile</string>
		</dict>
		<key>00FD66AF1C95FAA9007B1332</key>
		<dict>
			<key>isa</key>
			<string>PBXFileReference</string>
			<key>lastKnownFileType</key>
			<string>image.png</string>
			<key>path</key>
			<string>right_arrow.png</string>
			<key>sourceTree</key>
			<string>&lt;group&gt;</string>
		</dict>
		<key>00FD66B01C95FAA9007B1332</key>
		<dict>
			<key>isa</key>
			<string>PBXFileReference</string>
			<key>lastKnownFileType</key>
			<string>image.png</string>
			<key>path</key>
			<string>left_arrow.png</string>
			<key>sourceTree</key>
			<string>&lt;group&gt;</string>
		</dict>
		<key>00FD66B11C95FAA9007B1332</key>
		<dict>
			<key>fileRef</key>
			<string>00FD66AF1C95FAA9007B1332</string>
			<key>isa</key>
			<string>PBXBuildFile</string>
		</dict>
		<key>00FD66B21C95FAA9007B1332</key>
		<dict>
			<key>fileRef</key>
			<string>00FD66B01C95FAA9007B1332</string>
			<key>isa</key>
			<string>PBXBuildFile</string>
		</dict>
		<key>00FD66B31C95FB70007B1332</key>
		<dict>
			<key>isa</key>
			<string>PBXFileReference</string>
			<key>lastKnownFileType</key>
			<string>image.png</string>
			<key>path</key>
			<string>refresh.png</string>
			<key>sourceTree</key>
			<string>&lt;group&gt;</string>
		</dict>
		<key>00FD66B41C95FB70007B1332</key>
		<dict>
			<key>fileRef</key>
			<string>00FD66B31C95FB70007B1332</string>
			<key>isa</key>
			<string>PBXBuildFile</string>
		</dict>
		<key>00FD66B51C95FCDC007B1332</key>
		<dict>
			<key>isa</key>
			<string>PBXFileReference</string>
			<key>lastKnownFileType</key>
			<string>image.png</string>
			<key>path</key>
			<string>click.png</string>
			<key>sourceTree</key>
			<string>&lt;group&gt;</string>
		</dict>
		<key>00FD66B61C95FCDC007B1332</key>
		<dict>
			<key>fileRef</key>
			<string>00FD66B51C95FCDC007B1332</string>
			<key>isa</key>
			<string>PBXBuildFile</string>
		</dict>
		<key>281266E21D331DB100515292</key>
		<dict>
			<key>fileEncoding</key>
			<string>4</string>
			<key>isa</key>
			<string>PBXFileReference</string>
			<key>lastKnownFileType</key>
			<string>sourcecode.c.objc</string>
			<key>path</key>
			<string>DetailView.m</string>
			<key>sourceTree</key>
			<string>&lt;group&gt;</string>
		</dict>
		<key>281266E31D331DB100515292</key>
		<dict>
			<key>fileRef</key>
			<string>281266E21D331DB100515292</string>
			<key>isa</key>
			<string>PBXBuildFile</string>
		</dict>
		<key>282366211D2D6CD200AF5100</key>
		<dict>
			<key>fileEncoding</key>
			<string>4</string>
			<key>isa</key>
			<string>PBXFileReference</string>
			<key>lastKnownFileType</key>
			<string>sourcecode.c.h</string>
			<key>path</key>
			<string>AAPLPreviewView.h</string>
			<key>sourceTree</key>
			<string>&lt;group&gt;</string>
		</dict>
		<key>282366221D2D6CD200AF5100</key>
		<dict>
			<key>fileEncoding</key>
			<string>4</string>
			<key>isa</key>
			<string>PBXFileReference</string>
			<key>lastKnownFileType</key>
			<string>sourcecode.c.objc</string>
			<key>path</key>
			<string>AAPLPreviewView.m</string>
			<key>sourceTree</key>
			<string>&lt;group&gt;</string>
		</dict>
		<key>282366231D2D6CD200AF5100</key>
		<dict>
			<key>fileRef</key>
			<string>282366221D2D6CD200AF5100</string>
			<key>isa</key>
			<string>PBXBuildFile</string>
		</dict>
		<key>282366241D2D6CD700AF5100</key>
		<dict>
			<key>children</key>
			<array>
				<string>007351E81C9361D300660883</string>
				<string>007351E91C9361D300660883</string>
				<string>009CC4321C949DF000E5E2CF</string>
				<string>009CC4331C949DF000E5E2CF</string>
				<string>00B1632E1C94FACB008574FB</string>
				<string>281266E21D331DB100515292</string>
				<string>002BDE741C9CAA97005E7868</string>
				<string>002BDE751C9CAA97005E7868</string>
				<string>0051EE361C95F4F2001AFBB6</string>
				<string>0051EE371C95F4F2001AFBB6</string>
			</array>
			<key>isa</key>
			<string>PBXGroup</string>
			<key>name</key>
			<string>ViewControllers</string>
			<key>sourceTree</key>
			<string>&lt;group&gt;</string>
		</dict>
		<key>28306C931D36D3A100725554</key>
		<dict>
			<key>fileEncoding</key>
			<string>4</string>
			<key>isa</key>
			<string>PBXFileReference</string>
			<key>lastKnownFileType</key>
			<string>sourcecode.c.h</string>
			<key>path</key>
			<string>CGPDFDocument.h</string>
			<key>sourceTree</key>
			<string>&lt;group&gt;</string>
		</dict>
		<key>28306C941D36D3A100725554</key>
		<dict>
			<key>fileEncoding</key>
			<string>4</string>
			<key>isa</key>
			<string>PBXFileReference</string>
			<key>lastKnownFileType</key>
			<string>sourcecode.c.objc</string>
			<key>path</key>
			<string>CGPDFDocument.m</string>
			<key>sourceTree</key>
			<string>&lt;group&gt;</string>
		</dict>
		<key>28306C951D36D3A100725554</key>
		<dict>
			<key>fileEncoding</key>
			<string>4</string>
			<key>isa</key>
			<string>PBXFileReference</string>
			<key>lastKnownFileType</key>
			<string>sourcecode.c.h</string>
			<key>path</key>
			<string>ReaderConstants.h</string>
			<key>sourceTree</key>
			<string>&lt;group&gt;</string>
		</dict>
		<key>28306C961D36D3A100725554</key>
		<dict>
			<key>fileEncoding</key>
			<string>4</string>
			<key>isa</key>
			<string>PBXFileReference</string>
			<key>lastKnownFileType</key>
			<string>sourcecode.c.objc</string>
			<key>path</key>
			<string>ReaderConstants.m</string>
			<key>sourceTree</key>
			<string>&lt;group&gt;</string>
		</dict>
		<key>28306C971D36D3A100725554</key>
		<dict>
			<key>fileEncoding</key>
			<string>4</string>
			<key>isa</key>
			<string>PBXFileReference</string>
			<key>lastKnownFileType</key>
			<string>sourcecode.c.h</string>
			<key>path</key>
			<string>ReaderContentPage.h</string>
			<key>sourceTree</key>
			<string>&lt;group&gt;</string>
		</dict>
		<key>28306C981D36D3A100725554</key>
		<dict>
			<key>fileEncoding</key>
			<string>4</string>
			<key>isa</key>
			<string>PBXFileReference</string>
			<key>lastKnownFileType</key>
			<string>sourcecode.c.objc</string>
			<key>path</key>
			<string>ReaderContentPage.m</string>
			<key>sourceTree</key>
			<string>&lt;group&gt;</string>
		</dict>
		<key>28306C991D36D3A100725554</key>
		<dict>
			<key>fileEncoding</key>
			<string>4</string>
			<key>isa</key>
			<string>PBXFileReference</string>
			<key>lastKnownFileType</key>
			<string>sourcecode.c.h</string>
			<key>path</key>
			<string>ReaderContentTile.h</string>
			<key>sourceTree</key>
			<string>&lt;group&gt;</string>
		</dict>
		<key>28306C9A1D36D3A100725554</key>
		<dict>
			<key>fileEncoding</key>
			<string>4</string>
			<key>isa</key>
			<string>PBXFileReference</string>
			<key>lastKnownFileType</key>
			<string>sourcecode.c.objc</string>
			<key>path</key>
			<string>ReaderContentTile.m</string>
			<key>sourceTree</key>
			<string>&lt;group&gt;</string>
		</dict>
		<key>28306C9B1D36D3A100725554</key>
		<dict>
			<key>fileEncoding</key>
			<string>4</string>
			<key>isa</key>
			<string>PBXFileReference</string>
			<key>lastKnownFileType</key>
			<string>sourcecode.c.h</string>
			<key>path</key>
			<string>ReaderContentView.h</string>
			<key>sourceTree</key>
			<string>&lt;group&gt;</string>
		</dict>
		<key>28306C9C1D36D3A100725554</key>
		<dict>
			<key>fileEncoding</key>
			<string>4</string>
			<key>isa</key>
			<string>PBXFileReference</string>
			<key>lastKnownFileType</key>
			<string>sourcecode.c.objc</string>
			<key>path</key>
			<string>ReaderContentView.m</string>
			<key>sourceTree</key>
			<string>&lt;group&gt;</string>
		</dict>
		<key>28306C9D1D36D3A100725554</key>
		<dict>
			<key>fileEncoding</key>
			<string>4</string>
			<key>isa</key>
			<string>PBXFileReference</string>
			<key>lastKnownFileType</key>
			<string>sourcecode.c.h</string>
			<key>path</key>
			<string>ReaderDocument.h</string>
			<key>sourceTree</key>
			<string>&lt;group&gt;</string>
		</dict>
		<key>28306C9E1D36D3A100725554</key>
		<dict>
			<key>fileEncoding</key>
			<string>4</string>
			<key>isa</key>
			<string>PBXFileReference</string>
			<key>lastKnownFileType</key>
			<string>sourcecode.c.objc</string>
			<key>path</key>
			<string>ReaderDocument.m</string>
			<key>sourceTree</key>
			<string>&lt;group&gt;</string>
		</dict>
		<key>28306C9F1D36D3A100725554</key>
		<dict>
			<key>fileEncoding</key>
			<string>4</string>
			<key>isa</key>
			<string>PBXFileReference</string>
			<key>lastKnownFileType</key>
			<string>sourcecode.c.h</string>
			<key>path</key>
			<string>ReaderDocumentOutline.h</string>
			<key>sourceTree</key>
			<string>&lt;group&gt;</string>
		</dict>
		<key>28306CA01D36D3A100725554</key>
		<dict>
			<key>fileEncoding</key>
			<string>4</string>
			<key>isa</key>
			<string>PBXFileReference</string>
			<key>lastKnownFileType</key>
			<string>sourcecode.c.objc</string>
			<key>path</key>
			<string>ReaderDocumentOutline.m</string>
			<key>sourceTree</key>
			<string>&lt;group&gt;</string>
		</dict>
		<key>28306CA11D36D3A100725554</key>
		<dict>
			<key>fileEncoding</key>
			<string>4</string>
			<key>isa</key>
			<string>PBXFileReference</string>
			<key>lastKnownFileType</key>
			<string>sourcecode.c.h</string>
			<key>path</key>
			<string>ReaderMainPagebar.h</string>
			<key>sourceTree</key>
			<string>&lt;group&gt;</string>
		</dict>
		<key>28306CA21D36D3A100725554</key>
		<dict>
			<key>fileEncoding</key>
			<string>4</string>
			<key>isa</key>
			<string>PBXFileReference</string>
			<key>lastKnownFileType</key>
			<string>sourcecode.c.objc</string>
			<key>path</key>
			<string>ReaderMainPagebar.m</string>
			<key>sourceTree</key>
			<string>&lt;group&gt;</string>
		</dict>
		<key>28306CA31D36D3A100725554</key>
		<dict>
			<key>fileEncoding</key>
			<string>4</string>
			<key>isa</key>
			<string>PBXFileReference</string>
			<key>lastKnownFileType</key>
			<string>sourcecode.c.h</string>
			<key>path</key>
			<string>ReaderMainToolbar.h</string>
			<key>sourceTree</key>
			<string>&lt;group&gt;</string>
		</dict>
		<key>28306CA41D36D3A100725554</key>
		<dict>
			<key>fileEncoding</key>
			<string>4</string>
			<key>isa</key>
			<string>PBXFileReference</string>
			<key>lastKnownFileType</key>
			<string>sourcecode.c.objc</string>
			<key>path</key>
			<string>ReaderMainToolbar.m</string>
			<key>sourceTree</key>
			<string>&lt;group&gt;</string>
		</dict>
		<key>28306CA51D36D3A100725554</key>
		<dict>
			<key>fileEncoding</key>
			<string>4</string>
			<key>isa</key>
			<string>PBXFileReference</string>
			<key>lastKnownFileType</key>
			<string>sourcecode.c.h</string>
			<key>path</key>
			<string>ReaderThumbCache.h</string>
			<key>sourceTree</key>
			<string>&lt;group&gt;</string>
		</dict>
		<key>28306CA61D36D3A100725554</key>
		<dict>
			<key>fileEncoding</key>
			<string>4</string>
			<key>isa</key>
			<string>PBXFileReference</string>
			<key>lastKnownFileType</key>
			<string>sourcecode.c.objc</string>
			<key>path</key>
			<string>ReaderThumbCache.m</string>
			<key>sourceTree</key>
			<string>&lt;group&gt;</string>
		</dict>
		<key>28306CA71D36D3A100725554</key>
		<dict>
			<key>fileEncoding</key>
			<string>4</string>
			<key>isa</key>
			<string>PBXFileReference</string>
			<key>lastKnownFileType</key>
			<string>sourcecode.c.h</string>
			<key>path</key>
			<string>ReaderThumbFetch.h</string>
			<key>sourceTree</key>
			<string>&lt;group&gt;</string>
		</dict>
		<key>28306CA81D36D3A100725554</key>
		<dict>
			<key>fileEncoding</key>
			<string>4</string>
			<key>isa</key>
			<string>PBXFileReference</string>
			<key>lastKnownFileType</key>
			<string>sourcecode.c.objc</string>
			<key>path</key>
			<string>ReaderThumbFetch.m</string>
			<key>sourceTree</key>
			<string>&lt;group&gt;</string>
		</dict>
		<key>28306CA91D36D3A100725554</key>
		<dict>
			<key>fileEncoding</key>
			<string>4</string>
			<key>isa</key>
			<string>PBXFileReference</string>
			<key>lastKnownFileType</key>
			<string>sourcecode.c.h</string>
			<key>path</key>
			<string>ReaderThumbQueue.h</string>
			<key>sourceTree</key>
			<string>&lt;group&gt;</string>
		</dict>
		<key>28306CAA1D36D3A100725554</key>
		<dict>
			<key>fileEncoding</key>
			<string>4</string>
			<key>isa</key>
			<string>PBXFileReference</string>
			<key>lastKnownFileType</key>
			<string>sourcecode.c.objc</string>
			<key>path</key>
			<string>ReaderThumbQueue.m</string>
			<key>sourceTree</key>
			<string>&lt;group&gt;</string>
		</dict>
		<key>28306CAB1D36D3A100725554</key>
		<dict>
			<key>fileEncoding</key>
			<string>4</string>
			<key>isa</key>
			<string>PBXFileReference</string>
			<key>lastKnownFileType</key>
			<string>sourcecode.c.h</string>
			<key>path</key>
			<string>ReaderThumbRender.h</string>
			<key>sourceTree</key>
			<string>&lt;group&gt;</string>
		</dict>
		<key>28306CAC1D36D3A100725554</key>
		<dict>
			<key>fileEncoding</key>
			<string>4</string>
			<key>isa</key>
			<string>PBXFileReference</string>
			<key>lastKnownFileType</key>
			<string>sourcecode.c.objc</string>
			<key>path</key>
			<string>ReaderThumbRender.m</string>
			<key>sourceTree</key>
			<string>&lt;group&gt;</string>
		</dict>
		<key>28306CAD1D36D3A100725554</key>
		<dict>
			<key>fileEncoding</key>
			<string>4</string>
			<key>isa</key>
			<string>PBXFileReference</string>
			<key>lastKnownFileType</key>
			<string>sourcecode.c.h</string>
			<key>path</key>
			<string>ReaderThumbRequest.h</string>
			<key>sourceTree</key>
			<string>&lt;group&gt;</string>
		</dict>
		<key>28306CAE1D36D3A100725554</key>
		<dict>
			<key>fileEncoding</key>
			<string>4</string>
			<key>isa</key>
			<string>PBXFileReference</string>
			<key>lastKnownFileType</key>
			<string>sourcecode.c.objc</string>
			<key>path</key>
			<string>ReaderThumbRequest.m</string>
			<key>sourceTree</key>
			<string>&lt;group&gt;</string>
		</dict>
		<key>28306CAF1D36D3A100725554</key>
		<dict>
			<key>fileEncoding</key>
			<string>4</string>
			<key>isa</key>
			<string>PBXFileReference</string>
			<key>lastKnownFileType</key>
			<string>sourcecode.c.h</string>
			<key>path</key>
			<string>ReaderThumbsView.h</string>
			<key>sourceTree</key>
			<string>&lt;group&gt;</string>
		</dict>
		<key>28306CB01D36D3A100725554</key>
		<dict>
			<key>fileEncoding</key>
			<string>4</string>
			<key>isa</key>
			<string>PBXFileReference</string>
			<key>lastKnownFileType</key>
			<string>sourcecode.c.objc</string>
			<key>path</key>
			<string>ReaderThumbsView.m</string>
			<key>sourceTree</key>
			<string>&lt;group&gt;</string>
		</dict>
		<key>28306CB11D36D3A100725554</key>
		<dict>
			<key>fileEncoding</key>
			<string>4</string>
			<key>isa</key>
			<string>PBXFileReference</string>
			<key>lastKnownFileType</key>
			<string>sourcecode.c.h</string>
			<key>path</key>
			<string>ReaderThumbView.h</string>
			<key>sourceTree</key>
			<string>&lt;group&gt;</string>
		</dict>
		<key>28306CB21D36D3A100725554</key>
		<dict>
			<key>fileEncoding</key>
			<string>4</string>
			<key>isa</key>
			<string>PBXFileReference</string>
			<key>lastKnownFileType</key>
			<string>sourcecode.c.objc</string>
			<key>path</key>
			<string>ReaderThumbView.m</string>
			<key>sourceTree</key>
			<string>&lt;group&gt;</string>
		</dict>
		<key>28306CB31D36D3A100725554</key>
		<dict>
			<key>fileEncoding</key>
			<string>4</string>
			<key>isa</key>
			<string>PBXFileReference</string>
			<key>lastKnownFileType</key>
			<string>sourcecode.c.h</string>
			<key>path</key>
			<string>ReaderViewController.h</string>
			<key>sourceTree</key>
			<string>&lt;group&gt;</string>
		</dict>
		<key>28306CB41D36D3A100725554</key>
		<dict>
			<key>fileEncoding</key>
			<string>4</string>
			<key>isa</key>
			<string>PBXFileReference</string>
			<key>lastKnownFileType</key>
			<string>sourcecode.c.objc</string>
			<key>path</key>
			<string>ReaderViewController.m</string>
			<key>sourceTree</key>
			<string>&lt;group&gt;</string>
		</dict>
		<key>28306CB51D36D3A100725554</key>
		<dict>
			<key>fileEncoding</key>
			<string>4</string>
			<key>isa</key>
			<string>PBXFileReference</string>
			<key>lastKnownFileType</key>
			<string>sourcecode.c.h</string>
			<key>path</key>
			<string>ThumbsMainToolbar.h</string>
			<key>sourceTree</key>
			<string>&lt;group&gt;</string>
		</dict>
		<key>28306CB61D36D3A100725554</key>
		<dict>
			<key>fileEncoding</key>
			<string>4</string>
			<key>isa</key>
			<string>PBXFileReference</string>
			<key>lastKnownFileType</key>
			<string>sourcecode.c.objc</string>
			<key>path</key>
			<string>ThumbsMainToolbar.m</string>
			<key>sourceTree</key>
			<string>&lt;group&gt;</string>
		</dict>
		<key>28306CB71D36D3A100725554</key>
		<dict>
			<key>fileEncoding</key>
			<string>4</string>
			<key>isa</key>
			<string>PBXFileReference</string>
			<key>lastKnownFileType</key>
			<string>sourcecode.c.h</string>
			<key>path</key>
			<string>ThumbsViewController.h</string>
			<key>sourceTree</key>
			<string>&lt;group&gt;</string>
		</dict>
		<key>28306CB81D36D3A100725554</key>
		<dict>
			<key>fileEncoding</key>
			<string>4</string>
			<key>isa</key>
			<string>PBXFileReference</string>
			<key>lastKnownFileType</key>
			<string>sourcecode.c.objc</string>
			<key>path</key>
			<string>ThumbsViewController.m</string>
			<key>sourceTree</key>
			<string>&lt;group&gt;</string>
		</dict>
		<key>28306CB91D36D3A100725554</key>
		<dict>
			<key>fileEncoding</key>
			<string>4</string>
			<key>isa</key>
			<string>PBXFileReference</string>
			<key>lastKnownFileType</key>
			<string>sourcecode.c.h</string>
			<key>path</key>
			<string>UIXToolbarView.h</string>
			<key>sourceTree</key>
			<string>&lt;group&gt;</string>
		</dict>
		<key>28306CBA1D36D3A100725554</key>
		<dict>
			<key>fileEncoding</key>
			<string>4</string>
			<key>isa</key>
			<string>PBXFileReference</string>
			<key>lastKnownFileType</key>
			<string>sourcecode.c.objc</string>
			<key>path</key>
			<string>UIXToolbarView.m</string>
			<key>sourceTree</key>
			<string>&lt;group&gt;</string>
		</dict>
		<key>28306CBB1D36D3A100725554</key>
		<dict>
			<key>fileRef</key>
			<string>28306C941D36D3A100725554</string>
			<key>isa</key>
			<string>PBXBuildFile</string>
		</dict>
		<key>28306CBC1D36D3A100725554</key>
		<dict>
			<key>fileRef</key>
			<string>28306C961D36D3A100725554</string>
			<key>isa</key>
			<string>PBXBuildFile</string>
		</dict>
		<key>28306CBD1D36D3A100725554</key>
		<dict>
			<key>fileRef</key>
			<string>28306C981D36D3A100725554</string>
			<key>isa</key>
			<string>PBXBuildFile</string>
		</dict>
		<key>28306CBE1D36D3A100725554</key>
		<dict>
			<key>fileRef</key>
			<string>28306C9A1D36D3A100725554</string>
			<key>isa</key>
			<string>PBXBuildFile</string>
		</dict>
		<key>28306CBF1D36D3A100725554</key>
		<dict>
			<key>fileRef</key>
			<string>28306C9C1D36D3A100725554</string>
			<key>isa</key>
			<string>PBXBuildFile</string>
		</dict>
		<key>28306CC01D36D3A100725554</key>
		<dict>
			<key>fileRef</key>
			<string>28306C9E1D36D3A100725554</string>
			<key>isa</key>
			<string>PBXBuildFile</string>
		</dict>
		<key>28306CC11D36D3A100725554</key>
		<dict>
			<key>fileRef</key>
			<string>28306CA01D36D3A100725554</string>
			<key>isa</key>
			<string>PBXBuildFile</string>
		</dict>
		<key>28306CC21D36D3A100725554</key>
		<dict>
			<key>fileRef</key>
			<string>28306CA21D36D3A100725554</string>
			<key>isa</key>
			<string>PBXBuildFile</string>
		</dict>
		<key>28306CC31D36D3A100725554</key>
		<dict>
			<key>fileRef</key>
			<string>28306CA41D36D3A100725554</string>
			<key>isa</key>
			<string>PBXBuildFile</string>
		</dict>
		<key>28306CC41D36D3A100725554</key>
		<dict>
			<key>fileRef</key>
			<string>28306CA61D36D3A100725554</string>
			<key>isa</key>
			<string>PBXBuildFile</string>
		</dict>
		<key>28306CC51D36D3A100725554</key>
		<dict>
			<key>fileRef</key>
			<string>28306CA81D36D3A100725554</string>
			<key>isa</key>
			<string>PBXBuildFile</string>
		</dict>
		<key>28306CC61D36D3A100725554</key>
		<dict>
			<key>fileRef</key>
			<string>28306CAA1D36D3A100725554</string>
			<key>isa</key>
			<string>PBXBuildFile</string>
		</dict>
		<key>28306CC71D36D3A100725554</key>
		<dict>
			<key>fileRef</key>
			<string>28306CAC1D36D3A100725554</string>
			<key>isa</key>
			<string>PBXBuildFile</string>
		</dict>
		<key>28306CC81D36D3A100725554</key>
		<dict>
			<key>fileRef</key>
			<string>28306CAE1D36D3A100725554</string>
			<key>isa</key>
			<string>PBXBuildFile</string>
		</dict>
		<key>28306CC91D36D3A100725554</key>
		<dict>
			<key>fileRef</key>
			<string>28306CB01D36D3A100725554</string>
			<key>isa</key>
			<string>PBXBuildFile</string>
		</dict>
		<key>28306CCA1D36D3A100725554</key>
		<dict>
			<key>fileRef</key>
			<string>28306CB21D36D3A100725554</string>
			<key>isa</key>
			<string>PBXBuildFile</string>
		</dict>
		<key>28306CCB1D36D3A100725554</key>
		<dict>
			<key>fileRef</key>
			<string>28306CB41D36D3A100725554</string>
			<key>isa</key>
			<string>PBXBuildFile</string>
		</dict>
		<key>28306CCC1D36D3A100725554</key>
		<dict>
			<key>fileRef</key>
			<string>28306CB61D36D3A100725554</string>
			<key>isa</key>
			<string>PBXBuildFile</string>
		</dict>
		<key>28306CCD1D36D3A100725554</key>
		<dict>
			<key>fileRef</key>
			<string>28306CB81D36D3A100725554</string>
			<key>isa</key>
			<string>PBXBuildFile</string>
		</dict>
		<key>28306CCE1D36D3A100725554</key>
		<dict>
			<key>fileRef</key>
			<string>28306CBA1D36D3A100725554</string>
			<key>isa</key>
			<string>PBXBuildFile</string>
		</dict>
		<key>283C014C1D35739F00CF4E76</key>
		<dict>
			<key>children</key>
			<array>
				<string>28306C931D36D3A100725554</string>
				<string>28306C941D36D3A100725554</string>
				<string>28306C951D36D3A100725554</string>
				<string>28306C961D36D3A100725554</string>
				<string>28306C971D36D3A100725554</string>
				<string>28306C981D36D3A100725554</string>
				<string>28306C991D36D3A100725554</string>
				<string>28306C9A1D36D3A100725554</string>
				<string>28306C9B1D36D3A100725554</string>
				<string>28306C9C1D36D3A100725554</string>
				<string>28306C9D1D36D3A100725554</string>
				<string>28306C9E1D36D3A100725554</string>
				<string>28306C9F1D36D3A100725554</string>
				<string>28306CA01D36D3A100725554</string>
				<string>28306CA11D36D3A100725554</string>
				<string>28306CA21D36D3A100725554</string>
				<string>28306CA31D36D3A100725554</string>
				<string>28306CA41D36D3A100725554</string>
				<string>28306CA51D36D3A100725554</string>
				<string>28306CA61D36D3A100725554</string>
				<string>28306CA71D36D3A100725554</string>
				<string>28306CA81D36D3A100725554</string>
				<string>28306CA91D36D3A100725554</string>
				<string>28306CAA1D36D3A100725554</string>
				<string>28306CAB1D36D3A100725554</string>
				<string>28306CAC1D36D3A100725554</string>
				<string>28306CAD1D36D3A100725554</string>
				<string>28306CAE1D36D3A100725554</string>
				<string>28306CAF1D36D3A100725554</string>
				<string>28306CB01D36D3A100725554</string>
				<string>28306CB11D36D3A100725554</string>
				<string>28306CB21D36D3A100725554</string>
				<string>28306CB31D36D3A100725554</string>
				<string>28306CB41D36D3A100725554</string>
				<string>28306CB51D36D3A100725554</string>
				<string>28306CB61D36D3A100725554</string>
				<string>28306CB71D36D3A100725554</string>
				<string>28306CB81D36D3A100725554</string>
				<string>28306CB91D36D3A100725554</string>
				<string>28306CBA1D36D3A100725554</string>
			</array>
			<key>isa</key>
			<string>PBXGroup</string>
			<key>name</key>
			<string>PDF Reader</string>
			<key>sourceTree</key>
			<string>&lt;group&gt;</string>
		</dict>
		<key>283C01891D35789E00CF4E76</key>
		<dict>
			<key>fileEncoding</key>
			<string>4</string>
			<key>isa</key>
			<string>PBXFileReference</string>
			<key>lastKnownFileType</key>
			<string>sourcecode.c.h</string>
			<key>path</key>
			<string>PDFRender.h</string>
			<key>sourceTree</key>
			<string>&lt;group&gt;</string>
		</dict>
		<key>283C018A1D35789E00CF4E76</key>
		<dict>
			<key>fileEncoding</key>
			<string>4</string>
			<key>isa</key>
			<string>PBXFileReference</string>
			<key>lastKnownFileType</key>
			<string>sourcecode.c.objc</string>
			<key>path</key>
			<string>PDFRender.m</string>
			<key>sourceTree</key>
			<string>&lt;group&gt;</string>
		</dict>
		<key>283C018B1D35789E00CF4E76</key>
		<dict>
			<key>fileRef</key>
			<string>283C018A1D35789E00CF4E76</string>
			<key>isa</key>
			<string>PBXBuildFile</string>
		</dict>
		<key>28447F661D35BB6800FBA11D</key>
		<dict>
			<key>children</key>
			<array>
				<string>28447F671D35BB7A00FBA11D</string>
				<string>28447F681D35BB7A00FBA11D</string>
				<string>28447F691D35BB7A00FBA11D</string>
				<string>28447F6A1D35BB7A00FBA11D</string>
				<string>28447F6B1D35BB7A00FBA11D</string>
				<string>28447F6C1D35BB7A00FBA11D</string>
				<string>28447F6D1D35BB7A00FBA11D</string>
				<string>28447F6E1D35BB7A00FBA11D</string>
				<string>28447F6F1D35BB7A00FBA11D</string>
				<string>28447F701D35BB7A00FBA11D</string>
				<string>28447F711D35BB7A00FBA11D</string>
				<string>28447F721D35BB7A00FBA11D</string>
				<string>28447F731D35BB7A00FBA11D</string>
				<string>28447F741D35BB7A00FBA11D</string>
				<string>28447F751D35BB7A00FBA11D</string>
				<string>28447F761D35BB7A00FBA11D</string>
				<string>28447F771D35BB7A00FBA11D</string>
				<string>28447F781D35BB7A00FBA11D</string>
				<string>28447F791D35BB7A00FBA11D</string>
				<string>28447F7A1D35BB7A00FBA11D</string>
				<string>28447F7B1D35BB7A00FBA11D</string>
				<string>28447F7C1D35BB7A00FBA11D</string>
				<string>28447F7D1D35BB7A00FBA11D</string>
				<string>28447F7E1D35BB7A00FBA11D</string>
			</array>
			<key>isa</key>
			<string>PBXGroup</string>
			<key>name</key>
			<string>Images</string>
			<key>sourceTree</key>
			<string>&lt;group&gt;</string>
		</dict>
		<key>28447F671D35BB7A00FBA11D</key>
		<dict>
			<key>isa</key>
			<string>PBXFileReference</string>
			<key>lastKnownFileType</key>
			<string>image.png</string>
			<key>path</key>
			<string>Reader-Button-H.png</string>
			<key>sourceTree</key>
			<string>&lt;group&gt;</string>
		</dict>
		<key>28447F681D35BB7A00FBA11D</key>
		<dict>
			<key>isa</key>
			<string>PBXFileReference</string>
			<key>lastKnownFileType</key>
			<string>image.png</string>
			<key>path</key>
			<string>Reader-Button-H@2x.png</string>
			<key>sourceTree</key>
			<string>&lt;group&gt;</string>
		</dict>
		<key>28447F691D35BB7A00FBA11D</key>
		<dict>
			<key>isa</key>
			<string>PBXFileReference</string>
			<key>lastKnownFileType</key>
			<string>image.png</string>
			<key>path</key>
			<string>Reader-Button-H@3x.png</string>
			<key>sourceTree</key>
			<string>&lt;group&gt;</string>
		</dict>
		<key>28447F6A1D35BB7A00FBA11D</key>
		<dict>
			<key>isa</key>
			<string>PBXFileReference</string>
			<key>lastKnownFileType</key>
			<string>image.png</string>
			<key>path</key>
			<string>Reader-Button-N.png</string>
			<key>sourceTree</key>
			<string>&lt;group&gt;</string>
		</dict>
		<key>28447F6B1D35BB7A00FBA11D</key>
		<dict>
			<key>isa</key>
			<string>PBXFileReference</string>
			<key>lastKnownFileType</key>
			<string>image.png</string>
			<key>path</key>
			<string>Reader-Button-N@2x.png</string>
			<key>sourceTree</key>
			<string>&lt;group&gt;</string>
		</dict>
		<key>28447F6C1D35BB7A00FBA11D</key>
		<dict>
			<key>isa</key>
			<string>PBXFileReference</string>
			<key>lastKnownFileType</key>
			<string>image.png</string>
			<key>path</key>
			<string>Reader-Button-N@3x.png</string>
			<key>sourceTree</key>
			<string>&lt;group&gt;</string>
		</dict>
		<key>28447F6D1D35BB7A00FBA11D</key>
		<dict>
			<key>isa</key>
			<string>PBXFileReference</string>
			<key>lastKnownFileType</key>
			<string>image.png</string>
			<key>path</key>
			<string>Reader-Email.png</string>
			<key>sourceTree</key>
			<string>&lt;group&gt;</string>
		</dict>
		<key>28447F6E1D35BB7A00FBA11D</key>
		<dict>
			<key>isa</key>
			<string>PBXFileReference</string>
			<key>lastKnownFileType</key>
			<string>image.png</string>
			<key>path</key>
			<string>Reader-Email@2x.png</string>
			<key>sourceTree</key>
			<string>&lt;group&gt;</string>
		</dict>
		<key>28447F6F1D35BB7A00FBA11D</key>
		<dict>
			<key>isa</key>
			<string>PBXFileReference</string>
			<key>lastKnownFileType</key>
			<string>image.png</string>
			<key>path</key>
			<string>Reader-Email@3x.png</string>
			<key>sourceTree</key>
			<string>&lt;group&gt;</string>
		</dict>
		<key>28447F701D35BB7A00FBA11D</key>
		<dict>
			<key>isa</key>
			<string>PBXFileReference</string>
			<key>lastKnownFileType</key>
			<string>image.png</string>
			<key>path</key>
			<string>Reader-Export.png</string>
			<key>sourceTree</key>
			<string>&lt;group&gt;</string>
		</dict>
		<key>28447F711D35BB7A00FBA11D</key>
		<dict>
			<key>isa</key>
			<string>PBXFileReference</string>
			<key>lastKnownFileType</key>
			<string>image.png</string>
			<key>path</key>
			<string>Reader-Export@2x.png</string>
			<key>sourceTree</key>
			<string>&lt;group&gt;</string>
		</dict>
		<key>28447F721D35BB7A00FBA11D</key>
		<dict>
			<key>isa</key>
			<string>PBXFileReference</string>
			<key>lastKnownFileType</key>
			<string>image.png</string>
			<key>path</key>
			<string>Reader-Export@3x.png</string>
			<key>sourceTree</key>
			<string>&lt;group&gt;</string>
		</dict>
		<key>28447F731D35BB7A00FBA11D</key>
		<dict>
			<key>isa</key>
			<string>PBXFileReference</string>
			<key>lastKnownFileType</key>
			<string>image.png</string>
			<key>path</key>
			<string>Reader-Mark-N.png</string>
			<key>sourceTree</key>
			<string>&lt;group&gt;</string>
		</dict>
		<key>28447F741D35BB7A00FBA11D</key>
		<dict>
			<key>isa</key>
			<string>PBXFileReference</string>
			<key>lastKnownFileType</key>
			<string>image.png</string>
			<key>path</key>
			<string>Reader-Mark-N@2x.png</string>
			<key>sourceTree</key>
			<string>&lt;group&gt;</string>
		</dict>
		<key>28447F751D35BB7A00FBA11D</key>
		<dict>
			<key>isa</key>
			<string>PBXFileReference</string>
			<key>lastKnownFileType</key>
			<string>image.png</string>
			<key>path</key>
			<string>Reader-Mark-N@3x.png</string>
			<key>sourceTree</key>
			<string>&lt;group&gt;</string>
		</dict>
		<key>28447F761D35BB7A00FBA11D</key>
		<dict>
			<key>isa</key>
			<string>PBXFileReference</string>
			<key>lastKnownFileType</key>
			<string>image.png</string>
			<key>path</key>
			<string>Reader-Mark-Y.png</string>
			<key>sourceTree</key>
			<string>&lt;group&gt;</string>
		</dict>
		<key>28447F771D35BB7A00FBA11D</key>
		<dict>
			<key>isa</key>
			<string>PBXFileReference</string>
			<key>lastKnownFileType</key>
			<string>image.png</string>
			<key>path</key>
			<string>Reader-Mark-Y@2x.png</string>
			<key>sourceTree</key>
			<string>&lt;group&gt;</string>
		</dict>
		<key>28447F781D35BB7A00FBA11D</key>
		<dict>
			<key>isa</key>
			<string>PBXFileReference</string>
			<key>lastKnownFileType</key>
			<string>image.png</string>
			<key>path</key>
			<string>Reader-Mark-Y@3x.png</string>
			<key>sourceTree</key>
			<string>&lt;group&gt;</string>
		</dict>
		<key>28447F791D35BB7A00FBA11D</key>
		<dict>
			<key>isa</key>
			<string>PBXFileReference</string>
			<key>lastKnownFileType</key>
			<string>image.png</string>
			<key>path</key>
			<string>Reader-Print.png</string>
			<key>sourceTree</key>
			<string>&lt;group&gt;</string>
		</dict>
		<key>28447F7A1D35BB7A00FBA11D</key>
		<dict>
			<key>isa</key>
			<string>PBXFileReference</string>
			<key>lastKnownFileType</key>
			<string>image.png</string>
			<key>path</key>
			<string>Reader-Print@2x.png</string>
			<key>sourceTree</key>
			<string>&lt;group&gt;</string>
		</dict>
		<key>28447F7B1D35BB7A00FBA11D</key>
		<dict>
			<key>isa</key>
			<string>PBXFileReference</string>
			<key>lastKnownFileType</key>
			<string>image.png</string>
			<key>path</key>
			<string>Reader-Print@3x.png</string>
			<key>sourceTree</key>
			<string>&lt;group&gt;</string>
		</dict>
		<key>28447F7C1D35BB7A00FBA11D</key>
		<dict>
			<key>isa</key>
			<string>PBXFileReference</string>
			<key>lastKnownFileType</key>
			<string>image.png</string>
			<key>path</key>
			<string>Reader-Thumbs.png</string>
			<key>sourceTree</key>
			<string>&lt;group&gt;</string>
		</dict>
		<key>28447F7D1D35BB7A00FBA11D</key>
		<dict>
			<key>isa</key>
			<string>PBXFileReference</string>
			<key>lastKnownFileType</key>
			<string>image.png</string>
			<key>path</key>
			<string>Reader-Thumbs@2x.png</string>
			<key>sourceTree</key>
			<string>&lt;group&gt;</string>
		</dict>
		<key>28447F7E1D35BB7A00FBA11D</key>
		<dict>
			<key>isa</key>
			<string>PBXFileReference</string>
			<key>lastKnownFileType</key>
			<string>image.png</string>
			<key>path</key>
			<string>Reader-Thumbs@3x.png</string>
			<key>sourceTree</key>
			<string>&lt;group&gt;</string>
		</dict>
		<key>28447F7F1D35BB7A00FBA11D</key>
		<dict>
			<key>fileRef</key>
			<string>28447F671D35BB7A00FBA11D</string>
			<key>isa</key>
			<string>PBXBuildFile</string>
		</dict>
		<key>28447F801D35BB7A00FBA11D</key>
		<dict>
			<key>fileRef</key>
			<string>28447F681D35BB7A00FBA11D</string>
			<key>isa</key>
			<string>PBXBuildFile</string>
		</dict>
		<key>28447F811D35BB7A00FBA11D</key>
		<dict>
			<key>fileRef</key>
			<string>28447F691D35BB7A00FBA11D</string>
			<key>isa</key>
			<string>PBXBuildFile</string>
		</dict>
		<key>28447F821D35BB7A00FBA11D</key>
		<dict>
			<key>fileRef</key>
			<string>28447F6A1D35BB7A00FBA11D</string>
			<key>isa</key>
			<string>PBXBuildFile</string>
		</dict>
		<key>28447F831D35BB7A00FBA11D</key>
		<dict>
			<key>fileRef</key>
			<string>28447F6B1D35BB7A00FBA11D</string>
			<key>isa</key>
			<string>PBXBuildFile</string>
		</dict>
		<key>28447F841D35BB7A00FBA11D</key>
		<dict>
			<key>fileRef</key>
			<string>28447F6C1D35BB7A00FBA11D</string>
			<key>isa</key>
			<string>PBXBuildFile</string>
		</dict>
		<key>28447F851D35BB7A00FBA11D</key>
		<dict>
			<key>fileRef</key>
			<string>28447F6D1D35BB7A00FBA11D</string>
			<key>isa</key>
			<string>PBXBuildFile</string>
		</dict>
		<key>28447F861D35BB7A00FBA11D</key>
		<dict>
			<key>fileRef</key>
			<string>28447F6E1D35BB7A00FBA11D</string>
			<key>isa</key>
			<string>PBXBuildFile</string>
		</dict>
		<key>28447F871D35BB7A00FBA11D</key>
		<dict>
			<key>fileRef</key>
			<string>28447F6F1D35BB7A00FBA11D</string>
			<key>isa</key>
			<string>PBXBuildFile</string>
		</dict>
		<key>28447F881D35BB7A00FBA11D</key>
		<dict>
			<key>fileRef</key>
			<string>28447F701D35BB7A00FBA11D</string>
			<key>isa</key>
			<string>PBXBuildFile</string>
		</dict>
		<key>28447F891D35BB7A00FBA11D</key>
		<dict>
			<key>fileRef</key>
			<string>28447F711D35BB7A00FBA11D</string>
			<key>isa</key>
			<string>PBXBuildFile</string>
		</dict>
		<key>28447F8A1D35BB7A00FBA11D</key>
		<dict>
			<key>fileRef</key>
			<string>28447F721D35BB7A00FBA11D</string>
			<key>isa</key>
			<string>PBXBuildFile</string>
		</dict>
		<key>28447F8B1D35BB7A00FBA11D</key>
		<dict>
			<key>fileRef</key>
			<string>28447F731D35BB7A00FBA11D</string>
			<key>isa</key>
			<string>PBXBuildFile</string>
		</dict>
		<key>28447F8C1D35BB7A00FBA11D</key>
		<dict>
			<key>fileRef</key>
			<string>28447F741D35BB7A00FBA11D</string>
			<key>isa</key>
			<string>PBXBuildFile</string>
		</dict>
		<key>28447F8D1D35BB7A00FBA11D</key>
		<dict>
			<key>fileRef</key>
			<string>28447F751D35BB7A00FBA11D</string>
			<key>isa</key>
			<string>PBXBuildFile</string>
		</dict>
		<key>28447F8E1D35BB7A00FBA11D</key>
		<dict>
			<key>fileRef</key>
			<string>28447F761D35BB7A00FBA11D</string>
			<key>isa</key>
			<string>PBXBuildFile</string>
		</dict>
		<key>28447F8F1D35BB7A00FBA11D</key>
		<dict>
			<key>fileRef</key>
			<string>28447F771D35BB7A00FBA11D</string>
			<key>isa</key>
			<string>PBXBuildFile</string>
		</dict>
		<key>28447F901D35BB7A00FBA11D</key>
		<dict>
			<key>fileRef</key>
			<string>28447F781D35BB7A00FBA11D</string>
			<key>isa</key>
			<string>PBXBuildFile</string>
		</dict>
		<key>28447F911D35BB7A00FBA11D</key>
		<dict>
			<key>fileRef</key>
			<string>28447F791D35BB7A00FBA11D</string>
			<key>isa</key>
			<string>PBXBuildFile</string>
		</dict>
		<key>28447F921D35BB7A00FBA11D</key>
		<dict>
			<key>fileRef</key>
			<string>28447F7A1D35BB7A00FBA11D</string>
			<key>isa</key>
			<string>PBXBuildFile</string>
		</dict>
		<key>28447F931D35BB7A00FBA11D</key>
		<dict>
			<key>fileRef</key>
			<string>28447F7B1D35BB7A00FBA11D</string>
			<key>isa</key>
			<string>PBXBuildFile</string>
		</dict>
		<key>28447F941D35BB7A00FBA11D</key>
		<dict>
			<key>fileRef</key>
			<string>28447F7C1D35BB7A00FBA11D</string>
			<key>isa</key>
			<string>PBXBuildFile</string>
		</dict>
		<key>28447F951D35BB7A00FBA11D</key>
		<dict>
			<key>fileRef</key>
			<string>28447F7D1D35BB7A00FBA11D</string>
			<key>isa</key>
			<string>PBXBuildFile</string>
		</dict>
		<key>28447F961D35BB7A00FBA11D</key>
		<dict>
			<key>fileRef</key>
			<string>28447F7E1D35BB7A00FBA11D</string>
			<key>isa</key>
			<string>PBXBuildFile</string>
		</dict>
		<key>28549A951D46D92E00326D9E</key>
		<dict>
			<key>fileEncoding</key>
			<string>4</string>
			<key>isa</key>
			<string>PBXFileReference</string>
			<key>lastKnownFileType</key>
			<string>text.plist.entitlements</string>
			<key>path</key>
			<string>Visionary.entitlements</string>
			<key>sourceTree</key>
			<string>&lt;group&gt;</string>
		</dict>
		<key>288C20E11D32A58600B3A347</key>
		<dict>
			<key>isa</key>
			<string>PBXFileReference</string>
			<key>lastKnownFileType</key>
			<string>wrapper.framework</string>
			<key>name</key>
			<string>NotificationCenter.framework</string>
			<key>path</key>
			<string>System/Library/Frameworks/NotificationCenter.framework</string>
			<key>sourceTree</key>
			<string>SDKROOT</string>
		</dict>
		<key>288C20F11D32A58600B3A347</key>
		<dict>
			<key>buildActionMask</key>
			<string>2147483647</string>
			<key>dstPath</key>
			<string></string>
			<key>dstSubfolderSpec</key>
			<string>13</string>
			<key>files</key>
			<array/>
			<key>isa</key>
			<string>PBXCopyFilesBuildPhase</string>
			<key>name</key>
			<string>Embed App Extensions</string>
			<key>runOnlyForDeploymentPostprocessing</key>
			<string>0</string>
		</dict>
		<key>28912B6E1D333B9100B06F07</key>
		<dict>
			<key>fileEncoding</key>
			<string>4</string>
			<key>isa</key>
			<string>PBXFileReference</string>
			<key>lastKnownFileType</key>
			<string>sourcecode.c.h</string>
			<key>path</key>
			<string>ResultTableViewCell.h</string>
			<key>sourceTree</key>
			<string>&lt;group&gt;</string>
		</dict>
		<key>28912B6F1D333B9100B06F07</key>
		<dict>
			<key>fileEncoding</key>
			<string>4</string>
			<key>isa</key>
			<string>PBXFileReference</string>
			<key>lastKnownFileType</key>
			<string>sourcecode.c.objc</string>
			<key>path</key>
			<string>ResultTableViewCell.m</string>
			<key>sourceTree</key>
			<string>&lt;group&gt;</string>
		</dict>
		<key>28912B701D333B9100B06F07</key>
		<dict>
			<key>fileRef</key>
			<string>28912B6F1D333B9100B06F07</string>
			<key>isa</key>
			<string>PBXBuildFile</string>
		</dict>
		<key>28912B711D333BA300B06F07</key>
		<dict>
			<key>fileEncoding</key>
			<string>4</string>
			<key>isa</key>
			<string>PBXFileReference</string>
			<key>lastKnownFileType</key>
			<string>file.xib</string>
			<key>path</key>
			<string>ResultTableViewCell.xib</string>
			<key>sourceTree</key>
			<string>&lt;group&gt;</string>
		</dict>
		<key>28912B721D333BA300B06F07</key>
		<dict>
			<key>fileRef</key>
			<string>28912B711D333BA300B06F07</string>
			<key>isa</key>
			<string>PBXBuildFile</string>
		</dict>
		<key>28AFA9001D2C3E42009F0057</key>
		<dict>
			<key>children</key>
			<array>
				<string>007351EB1C9361D300660883</string>
				<string>007351F01C9361D300660883</string>
				<string>28912B711D333BA300B06F07</string>
			</array>
			<key>isa</key>
			<string>PBXGroup</string>
			<key>name</key>
			<string>Nibs</string>
			<key>sourceTree</key>
			<string>&lt;group&gt;</string>
		</dict>
		<key>28B3DDCA1D31E40A007CDC90</key>
		<dict>
			<key>isa</key>
			<string>PBXFileReference</string>
			<key>lastKnownFileType</key>
			<string>image.png</string>
			<key>path</key>
			<string>circle_outter.png</string>
			<key>sourceTree</key>
			<string>&lt;group&gt;</string>
		</dict>
		<key>28B3DDCB1D31E40A007CDC90</key>
		<dict>
			<key>isa</key>
			<string>PBXFileReference</string>
			<key>lastKnownFileType</key>
			<string>image.png</string>
			<key>path</key>
			<string>circle.png</string>
			<key>sourceTree</key>
			<string>&lt;group&gt;</string>
		</dict>
		<key>28B3DDCC1D31E40A007CDC90</key>
		<dict>
			<key>fileRef</key>
			<string>28B3DDCA1D31E40A007CDC90</string>
			<key>isa</key>
			<string>PBXBuildFile</string>
		</dict>
		<key>28B3DDCD1D31E40A007CDC90</key>
		<dict>
			<key>fileRef</key>
			<string>28B3DDCB1D31E40A007CDC90</string>
			<key>isa</key>
			<string>PBXBuildFile</string>
		</dict>
		<key>28B3DDCE1D31E76C007CDC90</key>
		<dict>
			<key>isa</key>
			<string>PBXFileReference</string>
			<key>lastKnownFileType</key>
			<string>image.png</string>
			<key>path</key>
			<string>close_sign.png</string>
			<key>sourceTree</key>
			<string>&lt;group&gt;</string>
		</dict>
		<key>28B3DDCF1D31E76C007CDC90</key>
		<dict>
			<key>fileRef</key>
			<string>28B3DDCE1D31E76C007CDC90</string>
			<key>isa</key>
			<string>PBXBuildFile</string>
		</dict>
		<key>28B3DDD01D31E889007CDC90</key>
		<dict>
			<key>isa</key>
			<string>PBXFileReference</string>
			<key>lastKnownFileType</key>
			<string>image.png</string>
			<key>path</key>
			<string>photo_album.png</string>
			<key>sourceTree</key>
			<string>&lt;group&gt;</string>
		</dict>
		<key>28B3DDD11D31E889007CDC90</key>
		<dict>
			<key>fileRef</key>
			<string>28B3DDD01D31E889007CDC90</string>
			<key>isa</key>
			<string>PBXBuildFile</string>
		</dict>
		<key>28C3E4191D2C48B5008D9A98</key>
		<dict>
			<key>fileEncoding</key>
			<string>4</string>
			<key>isa</key>
			<string>PBXFileReference</string>
			<key>lastKnownFileType</key>
			<string>text.plist.xml</string>
			<key>path</key>
			<string>GoogleService-Info.plist</string>
			<key>sourceTree</key>
			<string>&lt;group&gt;</string>
		</dict>
		<key>28C3E41A1D2C48B5008D9A98</key>
		<dict>
			<key>fileRef</key>
			<string>28C3E4191D2C48B5008D9A98</string>
			<key>isa</key>
			<string>PBXBuildFile</string>
		</dict>
		<key>28D701C61D382E3E0022F6D5</key>
		<dict>
			<key>children</key>
			<array>
				<string>28D701C71D382E3E0022F6D5</string>
				<string>28D701C91D382E3E0022F6D5</string>
			</array>
			<key>isa</key>
			<string>PBXGroup</string>
			<key>path</key>
			<string>VisionaryUITests</string>
			<key>sourceTree</key>
			<string>&lt;group&gt;</string>
		</dict>
		<key>28D701C71D382E3E0022F6D5</key>
		<dict>
			<key>isa</key>
			<string>PBXFileReference</string>
			<key>lastKnownFileType</key>
			<string>sourcecode.c.objc</string>
			<key>path</key>
			<string>VisionaryUITests.m</string>
			<key>sourceTree</key>
			<string>&lt;group&gt;</string>
		</dict>
		<key>28D701C91D382E3E0022F6D5</key>
		<dict>
			<key>isa</key>
			<string>PBXFileReference</string>
			<key>lastKnownFileType</key>
			<string>text.plist.xml</string>
			<key>path</key>
			<string>Info.plist</string>
			<key>sourceTree</key>
			<string>&lt;group&gt;</string>
		</dict>
		<key>28D701D41D382E420022F6D5</key>
		<dict>
			<key>children</key>
			<array>
				<string>28D701D51D382E420022F6D5</string>
				<string>28D701D71D382E420022F6D5</string>
			</array>
			<key>isa</key>
			<string>PBXGroup</string>
			<key>path</key>
			<string>VisionaryTests</string>
			<key>sourceTree</key>
			<string>&lt;group&gt;</string>
		</dict>
		<key>28D701D51D382E420022F6D5</key>
		<dict>
			<key>isa</key>
			<string>PBXFileReference</string>
			<key>lastKnownFileType</key>
			<string>sourcecode.c.objc</string>
			<key>path</key>
			<string>VisionaryTests.m</string>
			<key>sourceTree</key>
			<string>&lt;group&gt;</string>
		</dict>
		<key>28D701D71D382E420022F6D5</key>
		<dict>
			<key>isa</key>
			<string>PBXFileReference</string>
			<key>lastKnownFileType</key>
			<string>text.plist.xml</string>
			<key>path</key>
			<string>Info.plist</string>
			<key>sourceTree</key>
			<string>&lt;group&gt;</string>
		</dict>
		<key>7624A0BDE656D123F390A73C</key>
		<dict>
			<key>children</key>
			<array>
				<string>C936ADB6C2A7159B73587C3E</string>
				<string>E169526708A492BC794595FE</string>
			</array>
			<key>isa</key>
			<string>PBXGroup</string>
			<key>name</key>
			<string>Pods</string>
			<key>sourceTree</key>
			<string>&lt;group&gt;</string>
		</dict>
		<key>7C37BD8936C0C8656EBE1C73</key>
		<dict>
			<key>fileRef</key>
			<string>A39E448A1EE1EAC5B642B652</string>
			<key>isa</key>
			<string>PBXBuildFile</string>
		</dict>
		<key>7F7CA612413D38E491AA982D</key>
		<dict>
			<key>buildActionMask</key>
			<string>2147483647</string>
			<key>files</key>
			<array/>
			<key>inputPaths</key>
			<array/>
			<key>isa</key>
			<string>PBXShellScriptBuildPhase</string>
			<key>name</key>
			<string>&#128230; Copy Pods Resources</string>
			<key>outputPaths</key>
			<array/>
			<key>runOnlyForDeploymentPostprocessing</key>
			<string>0</string>
			<key>shellPath</key>
			<string>/bin/sh</string>
			<key>shellScript</key>
			<string>"${SRCROOT}/Pods/Target Support Files/Pods-Visionary/Pods-Visionary-resources.sh"
</string>
			<key>showEnvVarsInLog</key>
			<string>0</string>
		</dict>
		<key>A11E57A59AB0ADC588BA0B90</key>
		<dict>
			<key>buildActionMask</key>
			<string>2147483647</string>
			<key>files</key>
			<array/>
			<key>inputPaths</key>
			<array/>
			<key>isa</key>
			<string>PBXShellScriptBuildPhase</string>
			<key>name</key>
			<string>&#128230; Embed Pods Frameworks</string>
			<key>outputPaths</key>
			<array/>
			<key>runOnlyForDeploymentPostprocessing</key>
			<string>0</string>
			<key>shellPath</key>
			<string>/bin/sh</string>
			<key>shellScript</key>
			<string>"${SRCROOT}/Pods/Target Support Files/Pods-Visionary/Pods-Visionary-frameworks.sh"
</string>
			<key>showEnvVarsInLog</key>
			<string>0</string>
		</dict>
		<key>A39E448A1EE1EAC5B642B652</key>
		<dict>
			<key>explicitFileType</key>
			<string>archive.ar</string>
			<key>includeInIndex</key>
			<string>0</string>
			<key>isa</key>
			<string>PBXFileReference</string>
			<key>path</key>
			<string>libPods-Visionary.a</string>
			<key>sourceTree</key>
			<string>BUILT_PRODUCTS_DIR</string>
		</dict>
		<key>B0D200E9AE786B772C035FFF</key>
		<dict>
			<key>buildActionMask</key>
			<string>2147483647</string>
			<key>files</key>
			<array/>
			<key>inputPaths</key>
			<array/>
			<key>isa</key>
			<string>PBXShellScriptBuildPhase</string>
			<key>name</key>
			<string>[CP] Check Pods Manifest.lock</string>
			<key>outputPaths</key>
			<array/>
			<key>runOnlyForDeploymentPostprocessing</key>
			<string>0</string>
			<key>shellPath</key>
			<string>/bin/sh</string>
			<key>shellScript</key>
			<string>diff "${PODS_ROOT}/../Podfile.lock" "${PODS_ROOT}/Manifest.lock" &gt; /dev/null
if [[ $? != 0 ]] ; then
    cat &lt;&lt; EOM
error: The sandbox is not in sync with the Podfile.lock. Run 'pod install' or update your CocoaPods installation.
EOM
    exit 1
fi
</string>
			<key>showEnvVarsInLog</key>
			<string>0</string>
		</dict>
		<key>C936ADB6C2A7159B73587C3E</key>
		<dict>
			<key>includeInIndex</key>
			<string>1</string>
			<key>isa</key>
			<string>PBXFileReference</string>
			<key>lastKnownFileType</key>
			<string>text.xcconfig</string>
			<key>name</key>
			<string>Pods-Visionary.debug.xcconfig</string>
			<key>path</key>
			<string>Pods/Target Support Files/Pods-Visionary/Pods-Visionary.debug.xcconfig</string>
			<key>sourceTree</key>
			<string>&lt;group&gt;</string>
		</dict>
		<key>CB59CEE02024F238B16A7F82</key>
		<dict>
			<key>buildActionMask</key>
			<string>2147483647</string>
			<key>files</key>
			<array/>
			<key>inputPaths</key>
			<array/>
			<key>isa</key>
			<string>PBXShellScriptBuildPhase</string>
			<key>name</key>
			<string>[CP] Copy Pods Resources</string>
			<key>outputPaths</key>
			<array/>
			<key>runOnlyForDeploymentPostprocessing</key>
			<string>0</string>
			<key>shellPath</key>
			<string>/bin/sh</string>
			<key>shellScript</key>
			<string>"${SRCROOT}/Pods/Target Support Files/Pods-Visionary/Pods-Visionary-resources.sh"
</string>
			<key>showEnvVarsInLog</key>
			<string>0</string>
		</dict>
		<key>CEC570C82910FEB966EBFC73</key>
		<dict>
			<key>children</key>
			<array>
				<string>0060833A1CC3FFEE00A344F1</string>
				<string>00F867451C970D7100868A70</string>
				<string>A39E448A1EE1EAC5B642B652</string>
				<string>288C20E11D32A58600B3A347</string>
			</array>
			<key>isa</key>
			<string>PBXGroup</string>
			<key>name</key>
			<string>Frameworks</string>
			<key>sourceTree</key>
			<string>&lt;group&gt;</string>
		</dict>
		<key>D5032B9E8C434F008FBBAD66</key>
		<dict>
			<key>buildActionMask</key>
			<string>2147483647</string>
			<key>files</key>
			<array/>
			<key>inputPaths</key>
			<array/>
			<key>isa</key>
			<string>PBXShellScriptBuildPhase</string>
			<key>name</key>
			<string>[CP] Embed Pods Frameworks</string>
			<key>outputPaths</key>
			<array/>
			<key>runOnlyForDeploymentPostprocessing</key>
			<string>0</string>
			<key>shellPath</key>
			<string>/bin/sh</string>
			<key>shellScript</key>
			<string>"${SRCROOT}/Pods/Target Support Files/Pods-Visionary/Pods-Visionary-frameworks.sh"
</string>
			<key>showEnvVarsInLog</key>
			<string>0</string>
		</dict>
		<key>E169526708A492BC794595FE</key>
		<dict>
			<key>includeInIndex</key>
			<string>1</string>
			<key>isa</key>
			<string>PBXFileReference</string>
			<key>lastKnownFileType</key>
			<string>text.xcconfig</string>
			<key>name</key>
			<string>Pods-Visionary.release.xcconfig</string>
			<key>path</key>
			<string>Pods/Target Support Files/Pods-Visionary/Pods-Visionary.release.xcconfig</string>
			<key>sourceTree</key>
			<string>&lt;group&gt;</string>
		</dict>
		<key>EE7E297388F51926C84E5C41</key>
		<dict>
			<key>buildActionMask</key>
			<string>2147483647</string>
			<key>files</key>
			<array/>
			<key>inputPaths</key>
			<array/>
			<key>isa</key>
			<string>PBXShellScriptBuildPhase</string>
			<key>name</key>
			<string>[CP] Check Pods Manifest.lock</string>
			<key>outputPaths</key>
			<array/>
			<key>runOnlyForDeploymentPostprocessing</key>
			<string>0</string>
			<key>shellPath</key>
			<string>/bin/sh</string>
			<key>shellScript</key>
			<string>diff "${PODS_ROOT}/../Podfile.lock" "${PODS_ROOT}/Manifest.lock" &gt; /dev/null
if [[ $? != 0 ]] ; then
    cat &lt;&lt; EOM
error: The sandbox is not in sync with the Podfile.lock. Run 'pod install' or update your CocoaPods installation.
EOM
    exit 1
fi
</string>
			<key>showEnvVarsInLog</key>
			<string>0</string>
		</dict>
	</dict>
	<key>rootObject</key>
	<string>007351D71C9361D300660883</string>
</dict>
</plist>
